// !$*UTF8*$!
{
	archiveVersion = 1;
	classes = {
	};
	objectVersion = 46;
	objects = {

/* Begin PBXBuildFile section */
		1A0BBCED12EBFC2700D98CD8 /* Growl.framework in Frameworks */ = {isa = PBXBuildFile; fileRef = 1A0BBCEC12EBFC2700D98CD8 /* Growl.framework */; };
		1A0BBCF512EBFC4300D98CD8 /* Growl.framework in CopyFiles */ = {isa = PBXBuildFile; fileRef = 1A0BBCEC12EBFC2700D98CD8 /* Growl.framework */; };
		1A1374AC13DFF96500DA76C3 /* Security.framework in Frameworks */ = {isa = PBXBuildFile; fileRef = 1A1374AB13DFF96500DA76C3 /* Security.framework */; };
		1A74EA9014F0998400C8D491 /* GNBrowser.rb in Resources */ = {isa = PBXBuildFile; fileRef = 1A74EA8F14F0998400C8D491 /* GNBrowser.rb */; };
		1A78C6FA16AE9BE9007E53C4 /* Growl Registration Ticket.growlRegDict in Resources */ = {isa = PBXBuildFile; fileRef = 1A78C6F916AE9BE8007E53C4 /* Growl Registration Ticket.growlRegDict */; };
		1A7A954712D2097000F4D5F3 /* keychain.rb in Resources */ = {isa = PBXBuildFile; fileRef = 1A7A952412D2097000F4D5F3 /* keychain.rb */; };
		1A7A954812D2097000F4D5F3 /* exception.rb in Resources */ = {isa = PBXBuildFile; fileRef = 1A7A952612D2097000F4D5F3 /* exception.rb */; };
		1A7A954912D2097000F4D5F3 /* generic_item.rb in Resources */ = {isa = PBXBuildFile; fileRef = 1A7A952712D2097000F4D5F3 /* generic_item.rb */; };
		1A7A954A12D2097000F4D5F3 /* internet_item.rb in Resources */ = {isa = PBXBuildFile; fileRef = 1A7A952812D2097000F4D5F3 /* internet_item.rb */; };
		1A7A954B12D2097000F4D5F3 /* README.md in Resources */ = {isa = PBXBuildFile; fileRef = 1A7A952912D2097000F4D5F3 /* README.md */; };
		1AC3DCBB12748752006832E4 /* AccountDetailController.rb in Resources */ = {isa = PBXBuildFile; fileRef = 1AC3DCB612748752006832E4 /* AccountDetailController.rb */; };
		1AC3DCBC12748752006832E4 /* ApplicationController.rb in Resources */ = {isa = PBXBuildFile; fileRef = 1AC3DCB712748752006832E4 /* ApplicationController.rb */; };
		1AC3DCBD12748752006832E4 /* PreferencesController.rb in Resources */ = {isa = PBXBuildFile; fileRef = 1AC3DCB812748752006832E4 /* PreferencesController.rb */; };
		1AC3DCBE12748752006832E4 /* PrefsAccountsViewController.rb in Resources */ = {isa = PBXBuildFile; fileRef = 1AC3DCB912748752006832E4 /* PrefsAccountsViewController.rb */; };
		1AC3DCBF12748752006832E4 /* PrefsSettingsViewController.rb in Resources */ = {isa = PBXBuildFile; fileRef = 1AC3DCBA12748752006832E4 /* PrefsSettingsViewController.rb */; };
		1AC3DCCA12748771006832E4 /* Constants.rb in Resources */ = {isa = PBXBuildFile; fileRef = 1AC3DCC112748771006832E4 /* Constants.rb */; };
		1AC3DCCC12748771006832E4 /* GNAccount.rb in Resources */ = {isa = PBXBuildFile; fileRef = 1AC3DCC312748771006832E4 /* GNAccount.rb */; };
		1AC3DCCD12748771006832E4 /* GNChecker.rb in Resources */ = {isa = PBXBuildFile; fileRef = 1AC3DCC412748771006832E4 /* GNChecker.rb */; };
		1AC3DCCF12748771006832E4 /* GNPreferences.rb in Resources */ = {isa = PBXBuildFile; fileRef = 1AC3DCC612748771006832E4 /* GNPreferences.rb */; };
		1AC3DCD012748771006832E4 /* GNSound.rb in Resources */ = {isa = PBXBuildFile; fileRef = 1AC3DCC712748771006832E4 /* GNSound.rb */; };
		1AC3DCD112748771006832E4 /* GNStartItems.rb in Resources */ = {isa = PBXBuildFile; fileRef = 1AC3DCC812748771006832E4 /* GNStartItems.rb */; };
		1AC3DDE01275CF44006832E4 /* Sparkle.framework in Frameworks */ = {isa = PBXBuildFile; fileRef = 1AC3DDDF1275CF44006832E4 /* Sparkle.framework */; };
		1AC3DDEB1275CF8E006832E4 /* Sparkle.framework in CopyFiles */ = {isa = PBXBuildFile; fileRef = 1AC3DDDF1275CF44006832E4 /* Sparkle.framework */; };
		43D99F1416AD8151005AD039 /* AccountDetail.xib in Resources */ = {isa = PBXBuildFile; fileRef = 43D99EE516AD8151005AD039 /* AccountDetail.xib */; };
		43D99F1516AD8151005AD039 /* app.icns in Resources */ = {isa = PBXBuildFile; fileRef = 43D99EE616AD8151005AD039 /* app.icns */; };
		43D99F1616AD8151005AD039 /* app.tiff in Resources */ = {isa = PBXBuildFile; fileRef = 43D99EE716AD8151005AD039 /* app.tiff */; };
		43D99F1716AD8151005AD039 /* app@2x.tiff in Resources */ = {isa = PBXBuildFile; fileRef = 43D99EE816AD8151005AD039 /* app@2x.tiff */; };
		43D99F1816AD8151005AD039 /* app_a.tiff in Resources */ = {isa = PBXBuildFile; fileRef = 43D99EE916AD8151005AD039 /* app_a.tiff */; };
		43D99F1916AD8151005AD039 /* app_a@2x.tiff in Resources */ = {isa = PBXBuildFile; fileRef = 43D99EEA16AD8151005AD039 /* app_a@2x.tiff */; };
		43D99F1A16AD8151005AD039 /* Localizable.strings in Resources */ = {isa = PBXBuildFile; fileRef = 43D99EEB16AD8151005AD039 /* Localizable.strings */; };
		43D99F1B16AD8151005AD039 /* MainMenu.nib in Resources */ = {isa = PBXBuildFile; fileRef = 43D99EED16AD8151005AD039 /* MainMenu.nib */; };
		43D99F1C16AD8151005AD039 /* check.tiff in Resources */ = {isa = PBXBuildFile; fileRef = 43D99EEF16AD8151005AD039 /* check.tiff */; };
		43D99F1D16AD8151005AD039 /* check@2x.tiff in Resources */ = {isa = PBXBuildFile; fileRef = 43D99EF016AD8151005AD039 /* check@2x.tiff */; };
		43D99F1E16AD8151005AD039 /* check_a.tiff in Resources */ = {isa = PBXBuildFile; fileRef = 43D99EF116AD8151005AD039 /* check_a.tiff */; };
		43D99F1F16AD8151005AD039 /* check_a@2x.tiff in Resources */ = {isa = PBXBuildFile; fileRef = 43D99EF216AD8151005AD039 /* check_a@2x.tiff */; };
		43D99F2016AD8151005AD039 /* Credits.html in Resources */ = {isa = PBXBuildFile; fileRef = 43D99EF316AD8151005AD039 /* Credits.html */; };
		43D99F2116AD8151005AD039 /* dmg_background.jpg in Resources */ = {isa = PBXBuildFile; fileRef = 43D99EF416AD8151005AD039 /* dmg_background.jpg */; };
		43D99F2216AD8151005AD039 /* dsa_pub.pem in Resources */ = {isa = PBXBuildFile; fileRef = 43D99EF516AD8151005AD039 /* dsa_pub.pem */; };
		43D99F2316AD8151005AD039 /* InfoPlist.strings in Resources */ = {isa = PBXBuildFile; fileRef = 43D99EF616AD8151005AD039 /* InfoPlist.strings */; };
		43D99F2416AD8151005AD039 /* error.tiff in Resources */ = {isa = PBXBuildFile; fileRef = 43D99EFA16AD8151005AD039 /* error.tiff */; };
		43D99F2516AD8151005AD039 /* error@2x.tiff in Resources */ = {isa = PBXBuildFile; fileRef = 43D99EFB16AD8151005AD039 /* error@2x.tiff */; };
		43D99F2616AD8151005AD039 /* mail.tiff in Resources */ = {isa = PBXBuildFile; fileRef = 43D99F0616AD8151005AD039 /* mail.tiff */; };
		43D99F2716AD8151005AD039 /* mail@2x.tiff in Resources */ = {isa = PBXBuildFile; fileRef = 43D99F0716AD8151005AD039 /* mail@2x.tiff */; };
		43D99F2816AD8151005AD039 /* mail_a.tiff in Resources */ = {isa = PBXBuildFile; fileRef = 43D99F0816AD8151005AD039 /* mail_a.tiff */; };
		43D99F2916AD8151005AD039 /* mail_a@2x.tiff in Resources */ = {isa = PBXBuildFile; fileRef = 43D99F0916AD8151005AD039 /* mail_a@2x.tiff */; };
		43D99F2A16AD8151005AD039 /* PreferencesAccounts.xib in Resources */ = {isa = PBXBuildFile; fileRef = 43D99F0E16AD8151005AD039 /* PreferencesAccounts.xib */; };
		43D99F2B16AD8151005AD039 /* PreferencesSettings.xib in Resources */ = {isa = PBXBuildFile; fileRef = 43D99F0F16AD8151005AD039 /* PreferencesSettings.xib */; };
		4DE339F70D74FCDD00ADB6EE /* rb_main.rb in Resources */ = {isa = PBXBuildFile; fileRef = 4DE339F60D74FCDD00ADB6EE /* rb_main.rb */; };
		4DE3BE140D8651D900ECA448 /* MacRuby.framework in Frameworks */ = {isa = PBXBuildFile; fileRef = 4DE3BE130D8651D900ECA448 /* MacRuby.framework */; };
		8D11072D0486CEB800E47090 /* main.m in Sources */ = {isa = PBXBuildFile; fileRef = 29B97316FDCFA39411CA2CEA /* main.m */; settings = {ATTRIBUTES = (); }; };
		8D11072F0486CEB800E47090 /* Cocoa.framework in Frameworks */ = {isa = PBXBuildFile; fileRef = 1058C7A1FEA54F0111CA2CBB /* Cocoa.framework */; };
		A56634131633432300E4C57F /* NSApplication+LoginItems.m in Sources */ = {isa = PBXBuildFile; fileRef = A56634121633432300E4C57F /* NSApplication+LoginItems.m */; };
/* End PBXBuildFile section */

/* Begin PBXContainerItemProxy section */
		1A8277B013D928CB00B436BB /* PBXContainerItemProxy */ = {
			isa = PBXContainerItemProxy;
			containerPortal = 29B97313FDCFA39411CA2CEA /* Project object */;
			proxyType = 1;
			remoteGlobalIDString = 8D1107260486CEB800E47090;
			remoteInfo = "Gmail Notifr";
		};
/* End PBXContainerItemProxy section */

/* Begin PBXCopyFilesBuildPhase section */
		172754B4107597CF00D0347B /* CopyFiles */ = {
			isa = PBXCopyFilesBuildPhase;
			buildActionMask = 2147483647;
			dstPath = "";
			dstSubfolderSpec = 10;
			files = (
				1A0BBCF512EBFC4300D98CD8 /* Growl.framework in CopyFiles */,
				1AC3DDEB1275CF8E006832E4 /* Sparkle.framework in CopyFiles */,
			);
			runOnlyForDeploymentPostprocessing = 0;
		};
/* End PBXCopyFilesBuildPhase section */

/* Begin PBXFileReference section */
		1058C7A1FEA54F0111CA2CBB /* Cocoa.framework */ = {isa = PBXFileReference; lastKnownFileType = wrapper.framework; name = Cocoa.framework; path = /System/Library/Frameworks/Cocoa.framework; sourceTree = "<absolute>"; };
		13E42FB307B3F0F600E4EEF1 /* CoreData.framework */ = {isa = PBXFileReference; lastKnownFileType = wrapper.framework; name = CoreData.framework; path = /System/Library/Frameworks/CoreData.framework; sourceTree = "<absolute>"; };
		172754D5107598EA00D0347B /* stub_test.rb */ = {isa = PBXFileReference; fileEncoding = 4; lastKnownFileType = text.script.ruby; path = stub_test.rb; sourceTree = "<group>"; };
		17D55CD81076A1A2008207BD /* run_suite.rb */ = {isa = PBXFileReference; fileEncoding = 4; lastKnownFileType = text.script.ruby; path = run_suite.rb; sourceTree = "<group>"; };
		1A0BBCEC12EBFC2700D98CD8 /* Growl.framework */ = {isa = PBXFileReference; lastKnownFileType = wrapper.framework; name = Growl.framework; path = Libs/Growl.framework; sourceTree = "<group>"; };
		1A1374AB13DFF96500DA76C3 /* Security.framework */ = {isa = PBXFileReference; lastKnownFileType = wrapper.framework; name = Security.framework; path = /System/Library/Frameworks/Security.framework; sourceTree = "<absolute>"; };
		1A74EA8F14F0998400C8D491 /* GNBrowser.rb */ = {isa = PBXFileReference; fileEncoding = 4; lastKnownFileType = text.script.ruby; name = GNBrowser.rb; path = Classes/GNBrowser.rb; sourceTree = "<group>"; };
		1A78C6F916AE9BE8007E53C4 /* Growl Registration Ticket.growlRegDict */ = {isa = PBXFileReference; fileEncoding = 4; lastKnownFileType = text.xml; path = "Growl Registration Ticket.growlRegDict"; sourceTree = SOURCE_ROOT; };
		1A7A952412D2097000F4D5F3 /* keychain.rb */ = {isa = PBXFileReference; fileEncoding = 4; lastKnownFileType = text.script.ruby; path = keychain.rb; sourceTree = "<group>"; };
		1A7A952612D2097000F4D5F3 /* exception.rb */ = {isa = PBXFileReference; fileEncoding = 4; lastKnownFileType = text.script.ruby; path = exception.rb; sourceTree = "<group>"; };
		1A7A952712D2097000F4D5F3 /* generic_item.rb */ = {isa = PBXFileReference; fileEncoding = 4; lastKnownFileType = text.script.ruby; path = generic_item.rb; sourceTree = "<group>"; };
		1A7A952812D2097000F4D5F3 /* internet_item.rb */ = {isa = PBXFileReference; fileEncoding = 4; lastKnownFileType = text.script.ruby; path = internet_item.rb; sourceTree = "<group>"; };
		1A7A952912D2097000F4D5F3 /* README.md */ = {isa = PBXFileReference; fileEncoding = 4; lastKnownFileType = text; path = README.md; sourceTree = "<group>"; };
		1AC3DCB612748752006832E4 /* AccountDetailController.rb */ = {isa = PBXFileReference; fileEncoding = 4; lastKnownFileType = text.script.ruby; name = AccountDetailController.rb; path = Classes/AccountDetailController.rb; sourceTree = "<group>"; };
		1AC3DCB712748752006832E4 /* ApplicationController.rb */ = {isa = PBXFileReference; fileEncoding = 4; lastKnownFileType = text.script.ruby; name = ApplicationController.rb; path = Classes/ApplicationController.rb; sourceTree = "<group>"; };
		1AC3DCB812748752006832E4 /* PreferencesController.rb */ = {isa = PBXFileReference; fileEncoding = 4; lastKnownFileType = text.script.ruby; name = PreferencesController.rb; path = Classes/PreferencesController.rb; sourceTree = "<group>"; };
		1AC3DCB912748752006832E4 /* PrefsAccountsViewController.rb */ = {isa = PBXFileReference; fileEncoding = 4; lastKnownFileType = text.script.ruby; name = PrefsAccountsViewController.rb; path = Classes/PrefsAccountsViewController.rb; sourceTree = "<group>"; };
		1AC3DCBA12748752006832E4 /* PrefsSettingsViewController.rb */ = {isa = PBXFileReference; fileEncoding = 4; lastKnownFileType = text.script.ruby; name = PrefsSettingsViewController.rb; path = Classes/PrefsSettingsViewController.rb; sourceTree = "<group>"; };
		1AC3DCC112748771006832E4 /* Constants.rb */ = {isa = PBXFileReference; fileEncoding = 4; lastKnownFileType = text.script.ruby; name = Constants.rb; path = Classes/Constants.rb; sourceTree = "<group>"; };
		1AC3DCC312748771006832E4 /* GNAccount.rb */ = {isa = PBXFileReference; fileEncoding = 4; lastKnownFileType = text.script.ruby; name = GNAccount.rb; path = Classes/GNAccount.rb; sourceTree = "<group>"; };
		1AC3DCC412748771006832E4 /* GNChecker.rb */ = {isa = PBXFileReference; fileEncoding = 4; lastKnownFileType = text.script.ruby; name = GNChecker.rb; path = Classes/GNChecker.rb; sourceTree = "<group>"; };
		1AC3DCC612748771006832E4 /* GNPreferences.rb */ = {isa = PBXFileReference; fileEncoding = 4; lastKnownFileType = text.script.ruby; name = GNPreferences.rb; path = Classes/GNPreferences.rb; sourceTree = "<group>"; };
		1AC3DCC712748771006832E4 /* GNSound.rb */ = {isa = PBXFileReference; fileEncoding = 4; lastKnownFileType = text.script.ruby; name = GNSound.rb; path = Classes/GNSound.rb; sourceTree = "<group>"; };
		1AC3DCC812748771006832E4 /* GNStartItems.rb */ = {isa = PBXFileReference; fileEncoding = 4; lastKnownFileType = text.script.ruby; name = GNStartItems.rb; path = Classes/GNStartItems.rb; sourceTree = "<group>"; };
		1AC3DDDF1275CF44006832E4 /* Sparkle.framework */ = {isa = PBXFileReference; lastKnownFileType = wrapper.framework; name = Sparkle.framework; path = Libs/Sparkle.framework; sourceTree = "<group>"; };
		29B97316FDCFA39411CA2CEA /* main.m */ = {isa = PBXFileReference; fileEncoding = 4; lastKnownFileType = sourcecode.c.objc; path = main.m; sourceTree = "<group>"; };
		29B97324FDCFA39411CA2CEA /* AppKit.framework */ = {isa = PBXFileReference; lastKnownFileType = wrapper.framework; name = AppKit.framework; path = /System/Library/Frameworks/AppKit.framework; sourceTree = "<absolute>"; };
		29B97325FDCFA39411CA2CEA /* Foundation.framework */ = {isa = PBXFileReference; lastKnownFileType = wrapper.framework; name = Foundation.framework; path = /System/Library/Frameworks/Foundation.framework; sourceTree = "<absolute>"; };
		43D99EE516AD8151005AD039 /* AccountDetail.xib */ = {isa = PBXFileReference; fileEncoding = 4; lastKnownFileType = file.xib; path = AccountDetail.xib; sourceTree = "<group>"; };
		43D99EE616AD8151005AD039 /* app.icns */ = {isa = PBXFileReference; lastKnownFileType = image.icns; path = app.icns; sourceTree = "<group>"; };
		43D99EE716AD8151005AD039 /* app.tiff */ = {isa = PBXFileReference; lastKnownFileType = image.tiff; path = app.tiff; sourceTree = "<group>"; };
		43D99EE816AD8151005AD039 /* app@2x.tiff */ = {isa = PBXFileReference; lastKnownFileType = image.tiff; path = "app@2x.tiff"; sourceTree = "<group>"; };
		43D99EE916AD8151005AD039 /* app_a.tiff */ = {isa = PBXFileReference; lastKnownFileType = image.tiff; path = app_a.tiff; sourceTree = "<group>"; };
		43D99EEA16AD8151005AD039 /* app_a@2x.tiff */ = {isa = PBXFileReference; lastKnownFileType = image.tiff; path = "app_a@2x.tiff"; sourceTree = "<group>"; };
		43D99EEC16AD8151005AD039 /* Catalan */ = {isa = PBXFileReference; lastKnownFileType = text.plist.strings; name = Catalan; path = Catalan.lproj/Localizable.strings; sourceTree = "<group>"; };
		43D99EEE16AD8151005AD039 /* Catalan */ = {isa = PBXFileReference; lastKnownFileType = wrapper.nib; name = Catalan; path = Catalan.lproj/MainMenu.nib; sourceTree = "<group>"; };
		43D99EEF16AD8151005AD039 /* check.tiff */ = {isa = PBXFileReference; lastKnownFileType = image.tiff; path = check.tiff; sourceTree = "<group>"; };
		43D99EF016AD8151005AD039 /* check@2x.tiff */ = {isa = PBXFileReference; lastKnownFileType = image.tiff; path = "check@2x.tiff"; sourceTree = "<group>"; };
		43D99EF116AD8151005AD039 /* check_a.tiff */ = {isa = PBXFileReference; lastKnownFileType = image.tiff; path = check_a.tiff; sourceTree = "<group>"; };
		43D99EF216AD8151005AD039 /* check_a@2x.tiff */ = {isa = PBXFileReference; lastKnownFileType = image.tiff; path = "check_a@2x.tiff"; sourceTree = "<group>"; };
		43D99EF316AD8151005AD039 /* Credits.html */ = {isa = PBXFileReference; fileEncoding = 4; lastKnownFileType = text.html; path = Credits.html; sourceTree = "<group>"; };
		43D99EF416AD8151005AD039 /* dmg_background.jpg */ = {isa = PBXFileReference; lastKnownFileType = image.jpeg; path = dmg_background.jpg; sourceTree = "<group>"; };
		43D99EF516AD8151005AD039 /* dsa_pub.pem */ = {isa = PBXFileReference; fileEncoding = 4; lastKnownFileType = text; path = dsa_pub.pem; sourceTree = "<group>"; };
		43D99EF716AD8151005AD039 /* English */ = {isa = PBXFileReference; lastKnownFileType = text.plist.strings; name = English; path = English.lproj/InfoPlist.strings; sourceTree = "<group>"; };
		43D99EF816AD8151005AD039 /* English */ = {isa = PBXFileReference; lastKnownFileType = text.plist.strings; name = English; path = English.lproj/Localizable.strings; sourceTree = "<group>"; };
		43D99EF916AD8151005AD039 /* English */ = {isa = PBXFileReference; lastKnownFileType = wrapper.nib; name = English; path = English.lproj/MainMenu.nib; sourceTree = "<group>"; };
		43D99EFA16AD8151005AD039 /* error.tiff */ = {isa = PBXFileReference; lastKnownFileType = image.tiff; path = error.tiff; sourceTree = "<group>"; };
		43D99EFB16AD8151005AD039 /* error@2x.tiff */ = {isa = PBXFileReference; lastKnownFileType = image.tiff; path = "error@2x.tiff"; sourceTree = "<group>"; };
		43D99EFC16AD8151005AD039 /* fr_CA */ = {isa = PBXFileReference; lastKnownFileType = text.plist.strings; name = fr_CA; path = fr_CA.lproj/Localizable.strings; sourceTree = "<group>"; };
		43D99EFD16AD8151005AD039 /* fr_CA */ = {isa = PBXFileReference; lastKnownFileType = wrapper.nib; name = fr_CA; path = fr_CA.lproj/MainMenu.nib; sourceTree = "<group>"; };
		43D99EFE16AD8151005AD039 /* French */ = {isa = PBXFileReference; lastKnownFileType = text.plist.strings; name = French; path = French.lproj/Localizable.strings; sourceTree = "<group>"; };
		43D99EFF16AD8151005AD039 /* French */ = {isa = PBXFileReference; lastKnownFileType = wrapper.nib; name = French; path = French.lproj/MainMenu.nib; sourceTree = "<group>"; };
		43D99F0016AD8151005AD039 /* German */ = {isa = PBXFileReference; lastKnownFileType = text.plist.strings; name = German; path = German.lproj/Localizable.strings; sourceTree = "<group>"; };
		43D99F0116AD8151005AD039 /* German */ = {isa = PBXFileReference; lastKnownFileType = wrapper.nib; name = German; path = German.lproj/MainMenu.nib; sourceTree = "<group>"; };
		43D99F0216AD8151005AD039 /* Italian */ = {isa = PBXFileReference; lastKnownFileType = text.plist.strings; name = Italian; path = Italian.lproj/Localizable.strings; sourceTree = "<group>"; };
		43D99F0316AD8151005AD039 /* Italian */ = {isa = PBXFileReference; lastKnownFileType = wrapper.nib; name = Italian; path = Italian.lproj/MainMenu.nib; sourceTree = "<group>"; };
		43D99F0416AD8151005AD039 /* Japanese */ = {isa = PBXFileReference; lastKnownFileType = text.plist.strings; name = Japanese; path = Japanese.lproj/Localizable.strings; sourceTree = "<group>"; };
		43D99F0516AD8151005AD039 /* Japanese */ = {isa = PBXFileReference; lastKnownFileType = wrapper.nib; name = Japanese; path = Japanese.lproj/MainMenu.nib; sourceTree = "<group>"; };
		43D99F0616AD8151005AD039 /* mail.tiff */ = {isa = PBXFileReference; lastKnownFileType = image.tiff; path = mail.tiff; sourceTree = "<group>"; };
		43D99F0716AD8151005AD039 /* mail@2x.tiff */ = {isa = PBXFileReference; lastKnownFileType = image.tiff; path = "mail@2x.tiff"; sourceTree = "<group>"; };
		43D99F0816AD8151005AD039 /* mail_a.tiff */ = {isa = PBXFileReference; lastKnownFileType = image.tiff; path = mail_a.tiff; sourceTree = "<group>"; };
		43D99F0916AD8151005AD039 /* mail_a@2x.tiff */ = {isa = PBXFileReference; lastKnownFileType = image.tiff; path = "mail_a@2x.tiff"; sourceTree = "<group>"; };
		43D99F0A16AD8151005AD039 /* nl */ = {isa = PBXFileReference; lastKnownFileType = text.plist.strings; name = nl; path = nl.lproj/Localizable.strings; sourceTree = "<group>"; };
		43D99F0B16AD8151005AD039 /* nl */ = {isa = PBXFileReference; lastKnownFileType = wrapper.nib; name = nl; path = nl.lproj/MainMenu.nib; sourceTree = "<group>"; };
		43D99F0C16AD8151005AD039 /* Norwegian */ = {isa = PBXFileReference; lastKnownFileType = text.plist.strings; name = Norwegian; path = Norwegian.lproj/Localizable.strings; sourceTree = "<group>"; };
		43D99F0D16AD8151005AD039 /* Norwegian */ = {isa = PBXFileReference; lastKnownFileType = wrapper.nib; name = Norwegian; path = Norwegian.lproj/MainMenu.nib; sourceTree = "<group>"; };
		43D99F0E16AD8151005AD039 /* PreferencesAccounts.xib */ = {isa = PBXFileReference; fileEncoding = 4; lastKnownFileType = file.xib; path = PreferencesAccounts.xib; sourceTree = "<group>"; };
		43D99F0F16AD8151005AD039 /* PreferencesSettings.xib */ = {isa = PBXFileReference; fileEncoding = 4; lastKnownFileType = file.xib; path = PreferencesSettings.xib; sourceTree = "<group>"; };
		43D99F1016AD8151005AD039 /* Spanish */ = {isa = PBXFileReference; lastKnownFileType = text.plist.strings; name = Spanish; path = Spanish.lproj/Localizable.strings; sourceTree = "<group>"; };
		43D99F1116AD8151005AD039 /* Spanish */ = {isa = PBXFileReference; lastKnownFileType = wrapper.nib; name = Spanish; path = Spanish.lproj/MainMenu.nib; sourceTree = "<group>"; };
		43D99F1216AD8151005AD039 /* zh_CN */ = {isa = PBXFileReference; lastKnownFileType = text.plist.strings; name = zh_CN; path = zh_CN.lproj/Localizable.strings; sourceTree = "<group>"; };
		43D99F1316AD8151005AD039 /* zh_CN */ = {isa = PBXFileReference; lastKnownFileType = wrapper.nib; name = zh_CN; path = zh_CN.lproj/MainMenu.nib; sourceTree = "<group>"; };
		43D99F2C16AD82CB005AD039 /* ru */ = {isa = PBXFileReference; lastKnownFileType = text.plist.strings; name = ru; path = ru.lproj/Localizable.strings; sourceTree = "<group>"; };
		43D99F2D16AD82CB005AD039 /* ru */ = {isa = PBXFileReference; lastKnownFileType = wrapper.nib; name = ru; path = ru.lproj/MainMenu.nib; sourceTree = "<group>"; };
		4DE339F60D74FCDD00ADB6EE /* rb_main.rb */ = {isa = PBXFileReference; fileEncoding = 4; lastKnownFileType = text.script.ruby; path = rb_main.rb; sourceTree = "<group>"; };
		4DE3BE130D8651D900ECA448 /* MacRuby.framework */ = {isa = PBXFileReference; lastKnownFileType = wrapper.framework; name = MacRuby.framework; path = /Library/Frameworks/MacRuby.framework; sourceTree = "<absolute>"; };
		8D1107320486CEB800E47090 /* Gmail Notifr.app */ = {isa = PBXFileReference; explicitFileType = wrapper.application; includeInIndex = 0; path = "Gmail Notifr.app"; sourceTree = BUILT_PRODUCTS_DIR; };
		A56634111633432300E4C57F /* NSApplication+LoginItems.h */ = {isa = PBXFileReference; fileEncoding = 4; lastKnownFileType = sourcecode.c.h; name = "NSApplication+LoginItems.h"; path = "Libs/NSAppLoginItems/NSApplication+LoginItems.h"; sourceTree = "<group>"; };
		A56634121633432300E4C57F /* NSApplication+LoginItems.m */ = {isa = PBXFileReference; fileEncoding = 4; lastKnownFileType = sourcecode.c.objc; name = "NSApplication+LoginItems.m"; path = "Libs/NSAppLoginItems/NSApplication+LoginItems.m"; sourceTree = "<group>"; };
/* End PBXFileReference section */

/* Begin PBXFrameworksBuildPhase section */
		8D11072E0486CEB800E47090 /* Frameworks */ = {
			isa = PBXFrameworksBuildPhase;
			buildActionMask = 2147483647;
			files = (
				1A1374AC13DFF96500DA76C3 /* Security.framework in Frameworks */,
				8D11072F0486CEB800E47090 /* Cocoa.framework in Frameworks */,
				4DE3BE140D8651D900ECA448 /* MacRuby.framework in Frameworks */,
				1AC3DDE01275CF44006832E4 /* Sparkle.framework in Frameworks */,
				1A0BBCED12EBFC2700D98CD8 /* Growl.framework in Frameworks */,
			);
			runOnlyForDeploymentPostprocessing = 0;
		};
/* End PBXFrameworksBuildPhase section */

/* Begin PBXGroup section */
		080E96DDFE201D6D7F000001 /* Classes */ = {
			isa = PBXGroup;
			children = (
				1AC3DCB512748735006832E4 /* Controllers */,
				1AC3DCC012748757006832E4 /* Models */,
			);
			name = Classes;
			sourceTree = "<group>";
		};
		1058C7A0FEA54F0111CA2CBB /* Linked Frameworks */ = {
			isa = PBXGroup;
			children = (
				1A1374AB13DFF96500DA76C3 /* Security.framework */,
				4DE3BE130D8651D900ECA448 /* MacRuby.framework */,
				1058C7A1FEA54F0111CA2CBB /* Cocoa.framework */,
				1AC3DDDF1275CF44006832E4 /* Sparkle.framework */,
				1A0BBCEC12EBFC2700D98CD8 /* Growl.framework */,
			);
			name = "Linked Frameworks";
			sourceTree = "<group>";
		};
		1058C7A2FEA54F0111CA2CBB /* Other Frameworks */ = {
			isa = PBXGroup;
			children = (
				29B97324FDCFA39411CA2CEA /* AppKit.framework */,
				13E42FB307B3F0F600E4EEF1 /* CoreData.framework */,
				29B97325FDCFA39411CA2CEA /* Foundation.framework */,
			);
			name = "Other Frameworks";
			sourceTree = "<group>";
		};
		172754AE1075979200D0347B /* Tests */ = {
			isa = PBXGroup;
			children = (
				172754D5107598EA00D0347B /* stub_test.rb */,
				17D55CD81076A1A2008207BD /* run_suite.rb */,
			);
			path = Tests;
			sourceTree = "<group>";
		};
		19C28FACFE9D520D11CA2CBB /* Products */ = {
			isa = PBXGroup;
			children = (
				8D1107320486CEB800E47090 /* Gmail Notifr.app */,
			);
			name = Products;
			sourceTree = "<group>";
		};
		1A7A949712D2091200F4D5F3 /* lib */ = {
			isa = PBXGroup;
			children = (
				A56634141633433300E4C57F /* NSAppLoginItems */,
				1A7A94F212D2097000F4D5F3 /* macruby-keychain-wrapper */,
			);
			name = lib;
			sourceTree = "<group>";
		};
		1A7A94F212D2097000F4D5F3 /* macruby-keychain-wrapper */ = {
			isa = PBXGroup;
			children = (
				1A7A952412D2097000F4D5F3 /* keychain.rb */,
				1A7A952512D2097000F4D5F3 /* lib */,
				1A7A952912D2097000F4D5F3 /* README.md */,
			);
			name = "macruby-keychain-wrapper";
			path = "Libs/macruby-keychain-wrapper";
			sourceTree = "<group>";
		};
		1A7A952512D2097000F4D5F3 /* lib */ = {
			isa = PBXGroup;
			children = (
				1A7A952612D2097000F4D5F3 /* exception.rb */,
				1A7A952712D2097000F4D5F3 /* generic_item.rb */,
				1A7A952812D2097000F4D5F3 /* internet_item.rb */,
			);
			path = lib;
			sourceTree = "<group>";
		};
		1AC3DCB512748735006832E4 /* Controllers */ = {
			isa = PBXGroup;
			children = (
				1AC3DCB612748752006832E4 /* AccountDetailController.rb */,
				1AC3DCB712748752006832E4 /* ApplicationController.rb */,
				1AC3DCB812748752006832E4 /* PreferencesController.rb */,
				1AC3DCB912748752006832E4 /* PrefsAccountsViewController.rb */,
				1AC3DCBA12748752006832E4 /* PrefsSettingsViewController.rb */,
			);
			name = Controllers;
			sourceTree = "<group>";
		};
		1AC3DCC012748757006832E4 /* Models */ = {
			isa = PBXGroup;
			children = (
				1AC3DCC112748771006832E4 /* Constants.rb */,
				1AC3DCC312748771006832E4 /* GNAccount.rb */,
				1AC3DCC412748771006832E4 /* GNChecker.rb */,
				1AC3DCC612748771006832E4 /* GNPreferences.rb */,
				1AC3DCC712748771006832E4 /* GNSound.rb */,
				1AC3DCC812748771006832E4 /* GNStartItems.rb */,
				1A74EA8F14F0998400C8D491 /* GNBrowser.rb */,
			);
			name = Models;
			sourceTree = "<group>";
		};
		29B97314FDCFA39411CA2CEA /* Gmail Notifr */ = {
			isa = PBXGroup;
			children = (
				1A7A949712D2091200F4D5F3 /* lib */,
				172754AE1075979200D0347B /* Tests */,
				080E96DDFE201D6D7F000001 /* Classes */,
				29B97315FDCFA39411CA2CEA /* Other Sources */,
				43D99EE416AD8151005AD039 /* Resources */,
				29B97323FDCFA39411CA2CEA /* Frameworks */,
				19C28FACFE9D520D11CA2CBB /* Products */,
			);
			name = "Gmail Notifr";
			sourceTree = "<group>";
		};
		29B97315FDCFA39411CA2CEA /* Other Sources */ = {
			isa = PBXGroup;
			children = (
				4DE339F60D74FCDD00ADB6EE /* rb_main.rb */,
				29B97316FDCFA39411CA2CEA /* main.m */,
			);
			name = "Other Sources";
			sourceTree = "<group>";
		};
		29B97323FDCFA39411CA2CEA /* Frameworks */ = {
			isa = PBXGroup;
			children = (
				1058C7A0FEA54F0111CA2CBB /* Linked Frameworks */,
				1058C7A2FEA54F0111CA2CBB /* Other Frameworks */,
			);
			name = Frameworks;
			sourceTree = "<group>";
		};
		43D99EE416AD8151005AD039 /* Resources */ = {
			isa = PBXGroup;
			children = (
				1A78C6F916AE9BE8007E53C4 /* Growl Registration Ticket.growlRegDict */,
				43D99EE516AD8151005AD039 /* AccountDetail.xib */,
				43D99EE616AD8151005AD039 /* app.icns */,
				43D99EE716AD8151005AD039 /* app.tiff */,
				43D99EE816AD8151005AD039 /* app@2x.tiff */,
				43D99EE916AD8151005AD039 /* app_a.tiff */,
				43D99EEA16AD8151005AD039 /* app_a@2x.tiff */,
				43D99EEB16AD8151005AD039 /* Localizable.strings */,
				43D99EED16AD8151005AD039 /* MainMenu.nib */,
				43D99EEF16AD8151005AD039 /* check.tiff */,
				43D99EF016AD8151005AD039 /* check@2x.tiff */,
				43D99EF116AD8151005AD039 /* check_a.tiff */,
				43D99EF216AD8151005AD039 /* check_a@2x.tiff */,
				43D99EF316AD8151005AD039 /* Credits.html */,
				43D99EF416AD8151005AD039 /* dmg_background.jpg */,
				43D99EF516AD8151005AD039 /* dsa_pub.pem */,
				43D99EF616AD8151005AD039 /* InfoPlist.strings */,
				43D99EFA16AD8151005AD039 /* error.tiff */,
				43D99EFB16AD8151005AD039 /* error@2x.tiff */,
				43D99F0616AD8151005AD039 /* mail.tiff */,
				43D99F0716AD8151005AD039 /* mail@2x.tiff */,
				43D99F0816AD8151005AD039 /* mail_a.tiff */,
				43D99F0916AD8151005AD039 /* mail_a@2x.tiff */,
				43D99F0E16AD8151005AD039 /* PreferencesAccounts.xib */,
				43D99F0F16AD8151005AD039 /* PreferencesSettings.xib */,
			);
			path = Resources;
			sourceTree = "<group>";
		};
		A56634141633433300E4C57F /* NSAppLoginItems */ = {
			isa = PBXGroup;
			children = (
				A56634111633432300E4C57F /* NSApplication+LoginItems.h */,
				A56634121633432300E4C57F /* NSApplication+LoginItems.m */,
			);
			name = NSAppLoginItems;
			sourceTree = "<group>";
		};
/* End PBXGroup section */

/* Begin PBXLegacyTarget section */
		1A8277AC13D9287000B436BB /* Deployment */ = {
			isa = PBXLegacyTarget;
			buildArgumentsString = "--compile --embed --bs";
			buildConfigurationList = 1A8277AD13D9287000B436BB /* Build configuration list for PBXLegacyTarget "Deployment" */;
			buildPhases = (
			);
			buildToolPath = /usr/local/bin/macruby_deploy;
			buildWorkingDirectory = "";
			dependencies = (
				1A8277B113D928CB00B436BB /* PBXTargetDependency */,
			);
			name = Deployment;
			passBuildSettingsInEnvironment = 1;
			productName = Deployment;
		};
/* End PBXLegacyTarget section */

/* Begin PBXNativeTarget section */
		8D1107260486CEB800E47090 /* Gmail Notifr */ = {
			isa = PBXNativeTarget;
			buildConfigurationList = C01FCF4A08A954540054247B /* Build configuration list for PBXNativeTarget "Gmail Notifr" */;
			buildPhases = (
				8D1107290486CEB800E47090 /* Resources */,
				8D11072C0486CEB800E47090 /* Sources */,
				8D11072E0486CEB800E47090 /* Frameworks */,
				172754B4107597CF00D0347B /* CopyFiles */,
			);
			buildRules = (
			);
			dependencies = (
			);
			name = "Gmail Notifr";
			productInstallPath = "$(HOME)/Applications";
			productName = "Gmail Notifr";
			productReference = 8D1107320486CEB800E47090 /* Gmail Notifr.app */;
			productType = "com.apple.product-type.application";
		};
/* End PBXNativeTarget section */

/* Begin PBXProject section */
		29B97313FDCFA39411CA2CEA /* Project object */ = {
			isa = PBXProject;
			attributes = {
				LastUpgradeCheck = 0450;
				ORGANIZATIONNAME = ashchan.com;
			};
			buildConfigurationList = C01FCF4E08A954540054247B /* Build configuration list for PBXProject "Gmail Notifr" */;
			compatibilityVersion = "Xcode 3.2";
			developmentRegion = English;
			hasScannedForEncodings = 1;
			knownRegions = (
				English,
				Japanese,
				French,
				German,
				zh_CN,
				fr_CA,
				Catalan,
				Italian,
				Norwegian,
				Spanish,
				nl,
				ru,
			);
			mainGroup = 29B97314FDCFA39411CA2CEA /* Gmail Notifr */;
			projectDirPath = "";
			projectRoot = "";
			targets = (
				8D1107260486CEB800E47090 /* Gmail Notifr */,
				1A8277AC13D9287000B436BB /* Deployment */,
			);
		};
/* End PBXProject section */

/* Begin PBXResourcesBuildPhase section */
		8D1107290486CEB800E47090 /* Resources */ = {
			isa = PBXResourcesBuildPhase;
			buildActionMask = 2147483647;
			files = (
				4DE339F70D74FCDD00ADB6EE /* rb_main.rb in Resources */,
				1AC3DCBB12748752006832E4 /* AccountDetailController.rb in Resources */,
				1AC3DCBC12748752006832E4 /* ApplicationController.rb in Resources */,
				1AC3DCBD12748752006832E4 /* PreferencesController.rb in Resources */,
				1AC3DCBE12748752006832E4 /* PrefsAccountsViewController.rb in Resources */,
				1AC3DCBF12748752006832E4 /* PrefsSettingsViewController.rb in Resources */,
				1AC3DCCA12748771006832E4 /* Constants.rb in Resources */,
				1AC3DCCC12748771006832E4 /* GNAccount.rb in Resources */,
				1AC3DCCD12748771006832E4 /* GNChecker.rb in Resources */,
				1AC3DCCF12748771006832E4 /* GNPreferences.rb in Resources */,
				1AC3DCD012748771006832E4 /* GNSound.rb in Resources */,
				1AC3DCD112748771006832E4 /* GNStartItems.rb in Resources */,
				1A7A954712D2097000F4D5F3 /* keychain.rb in Resources */,
				1A7A954812D2097000F4D5F3 /* exception.rb in Resources */,
				1A7A954912D2097000F4D5F3 /* generic_item.rb in Resources */,
				1A7A954A12D2097000F4D5F3 /* internet_item.rb in Resources */,
				1A7A954B12D2097000F4D5F3 /* README.md in Resources */,
				1A74EA9014F0998400C8D491 /* GNBrowser.rb in Resources */,
				43D99F1416AD8151005AD039 /* AccountDetail.xib in Resources */,
				43D99F1516AD8151005AD039 /* app.icns in Resources */,
				43D99F1616AD8151005AD039 /* app.tiff in Resources */,
				43D99F1716AD8151005AD039 /* app@2x.tiff in Resources */,
				43D99F1816AD8151005AD039 /* app_a.tiff in Resources */,
				43D99F1916AD8151005AD039 /* app_a@2x.tiff in Resources */,
				43D99F1A16AD8151005AD039 /* Localizable.strings in Resources */,
				43D99F1B16AD8151005AD039 /* MainMenu.nib in Resources */,
				43D99F1C16AD8151005AD039 /* check.tiff in Resources */,
				43D99F1D16AD8151005AD039 /* check@2x.tiff in Resources */,
				43D99F1E16AD8151005AD039 /* check_a.tiff in Resources */,
				43D99F1F16AD8151005AD039 /* check_a@2x.tiff in Resources */,
				43D99F2016AD8151005AD039 /* Credits.html in Resources */,
				43D99F2116AD8151005AD039 /* dmg_background.jpg in Resources */,
				43D99F2216AD8151005AD039 /* dsa_pub.pem in Resources */,
				43D99F2316AD8151005AD039 /* InfoPlist.strings in Resources */,
				43D99F2416AD8151005AD039 /* error.tiff in Resources */,
				43D99F2516AD8151005AD039 /* error@2x.tiff in Resources */,
				43D99F2616AD8151005AD039 /* mail.tiff in Resources */,
				43D99F2716AD8151005AD039 /* mail@2x.tiff in Resources */,
				43D99F2816AD8151005AD039 /* mail_a.tiff in Resources */,
				43D99F2916AD8151005AD039 /* mail_a@2x.tiff in Resources */,
				43D99F2A16AD8151005AD039 /* PreferencesAccounts.xib in Resources */,
				43D99F2B16AD8151005AD039 /* PreferencesSettings.xib in Resources */,
				1A78C6FA16AE9BE9007E53C4 /* Growl Registration Ticket.growlRegDict in Resources */,
			);
			runOnlyForDeploymentPostprocessing = 0;
		};
/* End PBXResourcesBuildPhase section */

/* Begin PBXSourcesBuildPhase section */
		8D11072C0486CEB800E47090 /* Sources */ = {
			isa = PBXSourcesBuildPhase;
			buildActionMask = 2147483647;
			files = (
				8D11072D0486CEB800E47090 /* main.m in Sources */,
				A56634131633432300E4C57F /* NSApplication+LoginItems.m in Sources */,
			);
			runOnlyForDeploymentPostprocessing = 0;
		};
/* End PBXSourcesBuildPhase section */

/* Begin PBXTargetDependency section */
		1A8277B113D928CB00B436BB /* PBXTargetDependency */ = {
			isa = PBXTargetDependency;
			target = 8D1107260486CEB800E47090 /* Gmail Notifr */;
			targetProxy = 1A8277B013D928CB00B436BB /* PBXContainerItemProxy */;
		};
/* End PBXTargetDependency section */

/* Begin PBXVariantGroup section */
		43D99EEB16AD8151005AD039 /* Localizable.strings */ = {
			isa = PBXVariantGroup;
			children = (
				43D99EEC16AD8151005AD039 /* Catalan */,
				43D99EF816AD8151005AD039 /* English */,
				43D99EFC16AD8151005AD039 /* fr_CA */,
				43D99EFE16AD8151005AD039 /* French */,
				43D99F0016AD8151005AD039 /* German */,
				43D99F0216AD8151005AD039 /* Italian */,
				43D99F0416AD8151005AD039 /* Japanese */,
				43D99F0A16AD8151005AD039 /* nl */,
				43D99F0C16AD8151005AD039 /* Norwegian */,
				43D99F1016AD8151005AD039 /* Spanish */,
				43D99F1216AD8151005AD039 /* zh_CN */,
				43D99F2C16AD82CB005AD039 /* ru */,
			);
			name = Localizable.strings;
			sourceTree = "<group>";
		};
		43D99EED16AD8151005AD039 /* MainMenu.nib */ = {
			isa = PBXVariantGroup;
			children = (
				43D99EEE16AD8151005AD039 /* Catalan */,
				43D99EF916AD8151005AD039 /* English */,
				43D99EFD16AD8151005AD039 /* fr_CA */,
				43D99EFF16AD8151005AD039 /* French */,
				43D99F0116AD8151005AD039 /* German */,
				43D99F0316AD8151005AD039 /* Italian */,
				43D99F0516AD8151005AD039 /* Japanese */,
				43D99F0B16AD8151005AD039 /* nl */,
				43D99F0D16AD8151005AD039 /* Norwegian */,
				43D99F1116AD8151005AD039 /* Spanish */,
				43D99F1316AD8151005AD039 /* zh_CN */,
				43D99F2D16AD82CB005AD039 /* ru */,
			);
			name = MainMenu.nib;
			sourceTree = "<group>";
		};
		43D99EF616AD8151005AD039 /* InfoPlist.strings */ = {
			isa = PBXVariantGroup;
			children = (
				43D99EF716AD8151005AD039 /* English */,
			);
			name = InfoPlist.strings;
			sourceTree = "<group>";
		};
/* End PBXVariantGroup section */

/* Begin XCBuildConfiguration section */
		1A8277AE13D9287000B436BB /* Debug */ = {
			isa = XCBuildConfiguration;
			buildSettings = {
				ALWAYS_SEARCH_USER_PATHS = NO;
				ARCHS = "$(ARCHS_STANDARD_64_BIT)";
				COMBINE_HIDPI_IMAGES = YES;
				COPY_PHASE_STRIP = NO;
				DEBUGGING_SYMBOLS = YES;
				GCC_C_LANGUAGE_STANDARD = gnu99;
				GCC_DYNAMIC_NO_PIC = NO;
				GCC_ENABLE_OBJC_EXCEPTIONS = YES;
				GCC_GENERATE_DEBUGGING_SYMBOLS = YES;
				GCC_OPTIMIZATION_LEVEL = 0;
				GCC_PREPROCESSOR_DEFINITIONS = (
					"DEBUG=1",
					"$(inherited)",
				);
				GCC_SYMBOLS_PRIVATE_EXTERN = NO;
				GCC_VERSION = com.apple.compilers.llvm.clang.1_0;
				GCC_WARN_64_TO_32_BIT_CONVERSION = YES;
				GCC_WARN_ABOUT_MISSING_PROTOTYPES = YES;
				MACOSX_DEPLOYMENT_TARGET = 10.7;
				OTHER_CFLAGS = "";
				OTHER_LDFLAGS = "";
			};
			name = Debug;
		};
		1A8277AF13D9287000B436BB /* Release */ = {
			isa = XCBuildConfiguration;
			buildSettings = {
				ALWAYS_SEARCH_USER_PATHS = NO;
				ARCHS = "$(ARCHS_STANDARD_64_BIT)";
				COMBINE_HIDPI_IMAGES = YES;
				COPY_PHASE_STRIP = YES;
				DEBUG_INFORMATION_FORMAT = "dwarf-with-dsym";
				GCC_C_LANGUAGE_STANDARD = gnu99;
				GCC_ENABLE_OBJC_EXCEPTIONS = YES;
				GCC_VERSION = com.apple.compilers.llvm.clang.1_0;
				GCC_WARN_64_TO_32_BIT_CONVERSION = YES;
				GCC_WARN_ABOUT_MISSING_PROTOTYPES = YES;
				MACOSX_DEPLOYMENT_TARGET = 10.7;
				OTHER_CFLAGS = "";
				OTHER_LDFLAGS = "";
			};
			name = Release;
		};
		C01FCF4B08A954540054247B /* Debug */ = {
			isa = XCBuildConfiguration;
			buildSettings = {
				COMBINE_HIDPI_IMAGES = YES;
				COPY_PHASE_STRIP = NO;
				CURRENT_PROJECT_VERSION = 98;
				FRAMEWORK_SEARCH_PATHS = (
					"$(inherited)",
					"\"$(SRCROOT)/build/Debug\"",
					"\"$(SRCROOT)/Libs\"",
					"/Library/Frameworks/**",
				);
				GCC_DYNAMIC_NO_PIC = NO;
				GCC_MODEL_TUNING = G5;
				GCC_OPTIMIZATION_LEVEL = 0;
				GCC_PRECOMPILE_PREFIX_HEADER = YES;
				INFOPLIST_FILE = Info.plist;
				INSTALL_PATH = "$(HOME)/Applications";
				MACOSX_DEPLOYMENT_TARGET = 10.6;
				PRODUCT_NAME = "Gmail Notifr";
				SDKROOT = macosx;
				STRINGS_FILE_OUTPUT_ENCODING = binary;
				VERSIONING_SYSTEM = "apple-generic";
				WRAPPER_EXTENSION = app;
				ZERO_LINK = YES;
			};
			name = Debug;
		};
		C01FCF4C08A954540054247B /* Release */ = {
			isa = XCBuildConfiguration;
			buildSettings = {
				COMBINE_HIDPI_IMAGES = YES;
				CURRENT_PROJECT_VERSION = 98;
				DEBUG_INFORMATION_FORMAT = "dwarf-with-dsym";
				FRAMEWORK_SEARCH_PATHS = (
					"$(inherited)",
					"\"$(SRCROOT)/build/Debug\"",
					"\"$(SRCROOT)/Libs\"",
					"/Library/Frameworks/**",
				);
				GCC_MODEL_TUNING = G5;
				GCC_PRECOMPILE_PREFIX_HEADER = YES;
				GCC_VERSION = com.apple.compilers.llvm.clang.1_0;
				INFOPLIST_FILE = Info.plist;
				INSTALL_PATH = "$(HOME)/Applications";
				MACOSX_DEPLOYMENT_TARGET = 10.6;
				PRODUCT_NAME = "Gmail Notifr";
				SDKROOT = macosx;
				STRINGS_FILE_OUTPUT_ENCODING = binary;
				VERSIONING_SYSTEM = "apple-generic";
				WRAPPER_EXTENSION = app;
			};
			name = Release;
		};
		C01FCF4F08A954540054247B /* Debug */ = {
			isa = XCBuildConfiguration;
			buildSettings = {
				ARCHS = "$(ARCHS_STANDARD_32_64_BIT)";
				GCC_ENABLE_OBJC_GC = required;
				GCC_WARN_ABOUT_RETURN_TYPE = YES;
				GCC_WARN_UNUSED_VARIABLE = YES;
				ONLY_ACTIVE_ARCH = YES;
				SDKROOT = macosx;
				VALID_ARCHS = x86_64;
			};
			name = Debug;
		};
		C01FCF5008A954540054247B /* Release */ = {
			isa = XCBuildConfiguration;
			buildSettings = {
				ARCHS = "$(ARCHS_STANDARD_32_64_BIT)";
				GCC_ENABLE_OBJC_GC = required;
				GCC_WARN_ABOUT_RETURN_TYPE = YES;
				GCC_WARN_UNUSED_VARIABLE = YES;
				SDKROOT = macosx;
				VALID_ARCHS = x86_64;
			};
			name = Release;
		};
/* End XCBuildConfiguration section */

/* Begin XCConfigurationList section */
		1A8277AD13D9287000B436BB /* Build configuration list for PBXLegacyTarget "Deployment" */ = {
			isa = XCConfigurationList;
			buildConfigurations = (
				1A8277AE13D9287000B436BB /* Debug */,
				1A8277AF13D9287000B436BB /* Release */,
			);
			defaultConfigurationIsVisible = 0;
			defaultConfigurationName = Release;
		};
		C01FCF4A08A954540054247B /* Build configuration list for PBXNativeTarget "Gmail Notifr" */ = {
			isa = XCConfigurationList;
			buildConfigurations = (
				C01FCF4B08A954540054247B /* Debug */,
				C01FCF4C08A954540054247B /* Release */,
			);
			defaultConfigurationIsVisible = 0;
			defaultConfigurationName = Release;
		};
		C01FCF4E08A954540054247B /* Build configuration list for PBXProject "Gmail Notifr" */ = {
			isa = XCConfigurationList;
			buildConfigurations = (
				C01FCF4F08A954540054247B /* Debug */,
				C01FCF5008A954540054247B /* Release */,
			);
			defaultConfigurationIsVisible = 0;
			defaultConfigurationName = Release;
		};
/* End XCConfigurationList section */
	};
	rootObject = 29B97313FDCFA39411CA2CEA /* Project object */;
}
