// !$*UTF8*$!
{
	archiveVersion = 1;
	classes = {
	};
	objectVersion = 46;
	objects = {

/* Begin PBXAggregateTarget section */
		172754BD107597F200D0347B /* Unit Tests */ = {
			isa = PBXAggregateTarget;
			buildConfigurationList = 172754C7107597F400D0347B /* Build configuration list for PBXAggregateTarget "Unit Tests" */;
			buildPhases = (
				172754BC107597F200D0347B /* ShellScript */,
			);
			dependencies = (
			);
			name = "Unit Tests";
			productName = "Unit Tests";
		};
		4D1A51A110A4FF5D0046A98A /* Compile */ = {
			isa = PBXAggregateTarget;
			buildConfigurationList = 4D1A51AB10A4FF6A0046A98A /* Build configuration list for PBXAggregateTarget "Compile" */;
			buildPhases = (
				4D1A51A010A4FF5D0046A98A /* ShellScript */,
			);
			dependencies = (
			);
			name = Compile;
			productName = Compile;
		};
		4D1A51A510A4FF640046A98A /* Embed */ = {
			isa = PBXAggregateTarget;
			buildConfigurationList = 4D1A51AC10A4FF6A0046A98A /* Build configuration list for PBXAggregateTarget "Embed" */;
			buildPhases = (
				4D1A51A410A4FF640046A98A /* ShellScript */,
			);
			dependencies = (
			);
			name = Embed;
			productName = Embed;
		};
/* End PBXAggregateTarget section */

/* Begin PBXBuildFile section */
		1A0BBCED12EBFC2700D98CD8 /* Growl.framework in Frameworks */ = {isa = PBXBuildFile; fileRef = 1A0BBCEC12EBFC2700D98CD8 /* Growl.framework */; };
		1A0BBCF512EBFC4300D98CD8 /* Growl.framework in CopyFiles */ = {isa = PBXBuildFile; fileRef = 1A0BBCEC12EBFC2700D98CD8 /* Growl.framework */; };
		1A0BBD1812EC041F00D98CD8 /* Growl Registration Ticket.growlRegDict in Resources */ = {isa = PBXBuildFile; fileRef = 1A0BBD1712EC041F00D98CD8 /* Growl Registration Ticket.growlRegDict */; };
		1A0BBD1912EC047300D98CD8 /* Growl Registration Ticket.growlRegDict in CopyFiles */ = {isa = PBXBuildFile; fileRef = 1A0BBD1712EC041F00D98CD8 /* Growl Registration Ticket.growlRegDict */; };
		1A7A954712D2097000F4D5F3 /* keychain.rb in Resources */ = {isa = PBXBuildFile; fileRef = 1A7A952412D2097000F4D5F3 /* keychain.rb */; };
		1A7A954812D2097000F4D5F3 /* exception.rb in Resources */ = {isa = PBXBuildFile; fileRef = 1A7A952612D2097000F4D5F3 /* exception.rb */; };
		1A7A954912D2097000F4D5F3 /* generic_item.rb in Resources */ = {isa = PBXBuildFile; fileRef = 1A7A952712D2097000F4D5F3 /* generic_item.rb */; };
		1A7A954A12D2097000F4D5F3 /* internet_item.rb in Resources */ = {isa = PBXBuildFile; fileRef = 1A7A952812D2097000F4D5F3 /* internet_item.rb */; };
		1A7A954B12D2097000F4D5F3 /* README.md in Resources */ = {isa = PBXBuildFile; fileRef = 1A7A952912D2097000F4D5F3 /* README.md */; };
		1AC3DC8E12748643006832E4 /* AccountDetail.xib in Resources */ = {isa = PBXBuildFile; fileRef = 1AC3DC8212748643006832E4 /* AccountDetail.xib */; };
		1AC3DC8F12748643006832E4 /* app_a.tiff in Resources */ = {isa = PBXBuildFile; fileRef = 1AC3DC8312748643006832E4 /* app_a.tiff */; };
		1AC3DC9012748643006832E4 /* app.icns in Resources */ = {isa = PBXBuildFile; fileRef = 1AC3DC8412748643006832E4 /* app.icns */; };
		1AC3DC9112748643006832E4 /* app.tiff in Resources */ = {isa = PBXBuildFile; fileRef = 1AC3DC8512748643006832E4 /* app.tiff */; };
		1AC3DC9212748643006832E4 /* check_a.tiff in Resources */ = {isa = PBXBuildFile; fileRef = 1AC3DC8612748643006832E4 /* check_a.tiff */; };
		1AC3DC9312748643006832E4 /* check.tiff in Resources */ = {isa = PBXBuildFile; fileRef = 1AC3DC8712748643006832E4 /* check.tiff */; };
		1AC3DC9412748643006832E4 /* Credits.html in Resources */ = {isa = PBXBuildFile; fileRef = 1AC3DC8812748643006832E4 /* Credits.html */; };
		1AC3DC9512748643006832E4 /* error.tiff in Resources */ = {isa = PBXBuildFile; fileRef = 1AC3DC8912748643006832E4 /* error.tiff */; };
		1AC3DC9612748643006832E4 /* mail_a.tiff in Resources */ = {isa = PBXBuildFile; fileRef = 1AC3DC8A12748643006832E4 /* mail_a.tiff */; };
		1AC3DC9712748643006832E4 /* mail.tiff in Resources */ = {isa = PBXBuildFile; fileRef = 1AC3DC8B12748643006832E4 /* mail.tiff */; };
		1AC3DC9812748643006832E4 /* PreferencesAccounts.xib in Resources */ = {isa = PBXBuildFile; fileRef = 1AC3DC8C12748643006832E4 /* PreferencesAccounts.xib */; };
		1AC3DC9912748643006832E4 /* PreferencesSettings.xib in Resources */ = {isa = PBXBuildFile; fileRef = 1AC3DC8D12748643006832E4 /* PreferencesSettings.xib */; };
		1AC3DC9E12748667006832E4 /* Localizable.strings in Resources */ = {isa = PBXBuildFile; fileRef = 1AC3DC9A12748667006832E4 /* Localizable.strings */; };
		1AC3DC9F12748667006832E4 /* MainMenu.nib in Resources */ = {isa = PBXBuildFile; fileRef = 1AC3DC9C12748667006832E4 /* MainMenu.nib */; };
		1AC3DCA41274867D006832E4 /* InfoPlist.strings in Resources */ = {isa = PBXBuildFile; fileRef = 1AC3DCA01274867D006832E4 /* InfoPlist.strings */; };
		1AC3DCBB12748752006832E4 /* AccountDetailController.rb in Resources */ = {isa = PBXBuildFile; fileRef = 1AC3DCB612748752006832E4 /* AccountDetailController.rb */; };
		1AC3DCBC12748752006832E4 /* ApplicationController.rb in Resources */ = {isa = PBXBuildFile; fileRef = 1AC3DCB712748752006832E4 /* ApplicationController.rb */; };
		1AC3DCBD12748752006832E4 /* PreferencesController.rb in Resources */ = {isa = PBXBuildFile; fileRef = 1AC3DCB812748752006832E4 /* PreferencesController.rb */; };
		1AC3DCBE12748752006832E4 /* PrefsAccountsViewController.rb in Resources */ = {isa = PBXBuildFile; fileRef = 1AC3DCB912748752006832E4 /* PrefsAccountsViewController.rb */; };
		1AC3DCBF12748752006832E4 /* PrefsSettingsViewController.rb in Resources */ = {isa = PBXBuildFile; fileRef = 1AC3DCBA12748752006832E4 /* PrefsSettingsViewController.rb */; };
		1AC3DCCA12748771006832E4 /* Constants.rb in Resources */ = {isa = PBXBuildFile; fileRef = 1AC3DCC112748771006832E4 /* Constants.rb */; };
		1AC3DCCC12748771006832E4 /* GNAccount.rb in Resources */ = {isa = PBXBuildFile; fileRef = 1AC3DCC312748771006832E4 /* GNAccount.rb */; };
		1AC3DCCD12748771006832E4 /* GNChecker.rb in Resources */ = {isa = PBXBuildFile; fileRef = 1AC3DCC412748771006832E4 /* GNChecker.rb */; };
		1AC3DCCF12748771006832E4 /* GNPreferences.rb in Resources */ = {isa = PBXBuildFile; fileRef = 1AC3DCC612748771006832E4 /* GNPreferences.rb */; };
		1AC3DCD012748771006832E4 /* GNSound.rb in Resources */ = {isa = PBXBuildFile; fileRef = 1AC3DCC712748771006832E4 /* GNSound.rb */; };
		1AC3DCD112748771006832E4 /* GNStartItems.rb in Resources */ = {isa = PBXBuildFile; fileRef = 1AC3DCC812748771006832E4 /* GNStartItems.rb */; };
		1AC3DDE01275CF44006832E4 /* Sparkle.framework in Frameworks */ = {isa = PBXBuildFile; fileRef = 1AC3DDDF1275CF44006832E4 /* Sparkle.framework */; };
		1AC3DDEB1275CF8E006832E4 /* Sparkle.framework in CopyFiles */ = {isa = PBXBuildFile; fileRef = 1AC3DDDF1275CF44006832E4 /* Sparkle.framework */; };
		4DE339F70D74FCDD00ADB6EE /* rb_main.rb in Resources */ = {isa = PBXBuildFile; fileRef = 4DE339F60D74FCDD00ADB6EE /* rb_main.rb */; };
		4DE3BE140D8651D900ECA448 /* MacRuby.framework in Frameworks */ = {isa = PBXBuildFile; fileRef = 4DE3BE130D8651D900ECA448 /* MacRuby.framework */; };
		8D11072D0486CEB800E47090 /* main.m in Sources */ = {isa = PBXBuildFile; fileRef = 29B97316FDCFA39411CA2CEA /* main.m */; settings = {ATTRIBUTES = (); }; };
		8D11072F0486CEB800E47090 /* Cocoa.framework in Frameworks */ = {isa = PBXBuildFile; fileRef = 1058C7A1FEA54F0111CA2CBB /* Cocoa.framework */; };
/* End PBXBuildFile section */

/* Begin PBXCopyFilesBuildPhase section */
		172754B4107597CF00D0347B /* CopyFiles */ = {
			isa = PBXCopyFilesBuildPhase;
			buildActionMask = 2147483647;
			dstPath = "";
			dstSubfolderSpec = 10;
			files = (
				1A0BBD1912EC047300D98CD8 /* Growl Registration Ticket.growlRegDict in CopyFiles */,
				1A0BBCF512EBFC4300D98CD8 /* Growl.framework in CopyFiles */,
				1AC3DDEB1275CF8E006832E4 /* Sparkle.framework in CopyFiles */,
			);
			runOnlyForDeploymentPostprocessing = 0;
		};
/* End PBXCopyFilesBuildPhase section */

/* Begin PBXFileReference section */
		1058C7A1FEA54F0111CA2CBB /* Cocoa.framework */ = {isa = PBXFileReference; lastKnownFileType = wrapper.framework; name = Cocoa.framework; path = /System/Library/Frameworks/Cocoa.framework; sourceTree = "<absolute>"; };
		13E42FB307B3F0F600E4EEF1 /* CoreData.framework */ = {isa = PBXFileReference; lastKnownFileType = wrapper.framework; name = CoreData.framework; path = /System/Library/Frameworks/CoreData.framework; sourceTree = "<absolute>"; };
		172754D5107598EA00D0347B /* stub_test.rb */ = {isa = PBXFileReference; fileEncoding = 4; lastKnownFileType = text.script.ruby; path = stub_test.rb; sourceTree = "<group>"; };
		17D55CD81076A1A2008207BD /* run_suite.rb */ = {isa = PBXFileReference; fileEncoding = 4; lastKnownFileType = text.script.ruby; path = run_suite.rb; sourceTree = "<group>"; };
		1A0BBCEC12EBFC2700D98CD8 /* Growl.framework */ = {isa = PBXFileReference; lastKnownFileType = wrapper.framework; name = Growl.framework; path = Libs/Growl.framework; sourceTree = "<group>"; };
		1A0BBD1712EC041F00D98CD8 /* Growl Registration Ticket.growlRegDict */ = {isa = PBXFileReference; fileEncoding = 4; lastKnownFileType = text.xml; path = "Growl Registration Ticket.growlRegDict"; sourceTree = "<group>"; };
		1A7A952412D2097000F4D5F3 /* keychain.rb */ = {isa = PBXFileReference; fileEncoding = 4; lastKnownFileType = text.script.ruby; path = keychain.rb; sourceTree = "<group>"; };
		1A7A952612D2097000F4D5F3 /* exception.rb */ = {isa = PBXFileReference; fileEncoding = 4; lastKnownFileType = text.script.ruby; path = exception.rb; sourceTree = "<group>"; };
		1A7A952712D2097000F4D5F3 /* generic_item.rb */ = {isa = PBXFileReference; fileEncoding = 4; lastKnownFileType = text.script.ruby; path = generic_item.rb; sourceTree = "<group>"; };
		1A7A952812D2097000F4D5F3 /* internet_item.rb */ = {isa = PBXFileReference; fileEncoding = 4; lastKnownFileType = text.script.ruby; path = internet_item.rb; sourceTree = "<group>"; };
		1A7A952912D2097000F4D5F3 /* README.md */ = {isa = PBXFileReference; fileEncoding = 4; lastKnownFileType = text; path = README.md; sourceTree = "<group>"; };
		1AC3DC8212748643006832E4 /* AccountDetail.xib */ = {isa = PBXFileReference; lastKnownFileType = file.xib; name = AccountDetail.xib; path = Resources/AccountDetail.xib; sourceTree = "<group>"; };
		1AC3DC8312748643006832E4 /* app_a.tiff */ = {isa = PBXFileReference; lastKnownFileType = image.tiff; name = app_a.tiff; path = Resources/app_a.tiff; sourceTree = "<group>"; };
		1AC3DC8412748643006832E4 /* app.icns */ = {isa = PBXFileReference; lastKnownFileType = image.icns; name = app.icns; path = Resources/app.icns; sourceTree = "<group>"; };
		1AC3DC8512748643006832E4 /* app.tiff */ = {isa = PBXFileReference; lastKnownFileType = image.tiff; name = app.tiff; path = Resources/app.tiff; sourceTree = "<group>"; };
		1AC3DC8612748643006832E4 /* check_a.tiff */ = {isa = PBXFileReference; lastKnownFileType = image.tiff; name = check_a.tiff; path = Resources/check_a.tiff; sourceTree = "<group>"; };
		1AC3DC8712748643006832E4 /* check.tiff */ = {isa = PBXFileReference; lastKnownFileType = image.tiff; name = check.tiff; path = Resources/check.tiff; sourceTree = "<group>"; };
		1AC3DC8812748643006832E4 /* Credits.html */ = {isa = PBXFileReference; fileEncoding = 4; lastKnownFileType = text.html; name = Credits.html; path = Resources/Credits.html; sourceTree = "<group>"; };
		1AC3DC8912748643006832E4 /* error.tiff */ = {isa = PBXFileReference; lastKnownFileType = image.tiff; name = error.tiff; path = Resources/error.tiff; sourceTree = "<group>"; };
		1AC3DC8A12748643006832E4 /* mail_a.tiff */ = {isa = PBXFileReference; lastKnownFileType = image.tiff; name = mail_a.tiff; path = Resources/mail_a.tiff; sourceTree = "<group>"; };
		1AC3DC8B12748643006832E4 /* mail.tiff */ = {isa = PBXFileReference; lastKnownFileType = image.tiff; name = mail.tiff; path = Resources/mail.tiff; sourceTree = "<group>"; };
		1AC3DC8C12748643006832E4 /* PreferencesAccounts.xib */ = {isa = PBXFileReference; lastKnownFileType = file.xib; name = PreferencesAccounts.xib; path = Resources/PreferencesAccounts.xib; sourceTree = "<group>"; };
		1AC3DC8D12748643006832E4 /* PreferencesSettings.xib */ = {isa = PBXFileReference; lastKnownFileType = file.xib; name = PreferencesSettings.xib; path = Resources/PreferencesSettings.xib; sourceTree = "<group>"; };
		1AC3DC9B12748667006832E4 /* zh_CN */ = {isa = PBXFileReference; fileEncoding = 4; lastKnownFileType = text.plist.strings; name = zh_CN; path = Resources/zh_CN.lproj/Localizable.strings; sourceTree = "<group>"; };
		1AC3DC9D12748667006832E4 /* zh_CN */ = {isa = PBXFileReference; lastKnownFileType = wrapper.nib; name = zh_CN; path = Resources/zh_CN.lproj/MainMenu.nib; sourceTree = "<group>"; };
		1AC3DCA11274867D006832E4 /* English */ = {isa = PBXFileReference; fileEncoding = 4; lastKnownFileType = text.plist.strings; name = English; path = Resources/English.lproj/InfoPlist.strings; sourceTree = "<group>"; };
		1AC3DCA21274867D006832E4 /* English */ = {isa = PBXFileReference; lastKnownFileType = text.plist.strings; name = English; path = Resources/English.lproj/Localizable.strings; sourceTree = "<group>"; };
		1AC3DCA31274867D006832E4 /* English */ = {isa = PBXFileReference; lastKnownFileType = wrapper.nib; name = English; path = Resources/English.lproj/MainMenu.nib; sourceTree = "<group>"; };
		1AC3DCA512748698006832E4 /* fr_CA */ = {isa = PBXFileReference; lastKnownFileType = text.plist.strings; name = fr_CA; path = Resources/fr_CA.lproj/Localizable.strings; sourceTree = "<group>"; };
		1AC3DCA612748698006832E4 /* fr_CA */ = {isa = PBXFileReference; lastKnownFileType = wrapper.nib; name = fr_CA; path = Resources/fr_CA.lproj/MainMenu.nib; sourceTree = "<group>"; };
		1AC3DCA7127486A8006832E4 /* French */ = {isa = PBXFileReference; lastKnownFileType = text.plist.strings; name = French; path = Resources/French.lproj/Localizable.strings; sourceTree = "<group>"; };
		1AC3DCA8127486A8006832E4 /* French */ = {isa = PBXFileReference; lastKnownFileType = wrapper.nib; name = French; path = Resources/French.lproj/MainMenu.nib; sourceTree = "<group>"; };
		1AC3DCA9127486B8006832E4 /* German */ = {isa = PBXFileReference; lastKnownFileType = text.plist.strings; name = German; path = Resources/German.lproj/Localizable.strings; sourceTree = "<group>"; };
		1AC3DCAA127486B8006832E4 /* German */ = {isa = PBXFileReference; lastKnownFileType = wrapper.nib; name = German; path = Resources/German.lproj/MainMenu.nib; sourceTree = "<group>"; };
		1AC3DCAB127486DE006832E4 /* Catalan */ = {isa = PBXFileReference; lastKnownFileType = text.plist.strings; name = Catalan; path = Resources/Catalan.lproj/Localizable.strings; sourceTree = "<group>"; };
		1AC3DCAC127486DE006832E4 /* Catalan */ = {isa = PBXFileReference; lastKnownFileType = wrapper.nib; name = Catalan; path = Resources/Catalan.lproj/MainMenu.nib; sourceTree = "<group>"; };
		1AC3DCAD127486F0006832E4 /* Italian */ = {isa = PBXFileReference; lastKnownFileType = text.plist.strings; name = Italian; path = Resources/Italian.lproj/Localizable.strings; sourceTree = "<group>"; };
		1AC3DCAE127486F0006832E4 /* Italian */ = {isa = PBXFileReference; lastKnownFileType = wrapper.nib; name = Italian; path = Resources/Italian.lproj/MainMenu.nib; sourceTree = "<group>"; };
		1AC3DCAF12748702006832E4 /* Japanese */ = {isa = PBXFileReference; lastKnownFileType = text.plist.strings; name = Japanese; path = Resources/Japanese.lproj/Localizable.strings; sourceTree = "<group>"; };
		1AC3DCB012748702006832E4 /* Japanese */ = {isa = PBXFileReference; lastKnownFileType = wrapper.nib; name = Japanese; path = Resources/Japanese.lproj/MainMenu.nib; sourceTree = "<group>"; };
		1AC3DCB112748711006832E4 /* Norwegian */ = {isa = PBXFileReference; lastKnownFileType = text.plist.strings; name = Norwegian; path = Resources/Norwegian.lproj/Localizable.strings; sourceTree = "<group>"; };
		1AC3DCB212748711006832E4 /* Norwegian */ = {isa = PBXFileReference; lastKnownFileType = wrapper.nib; name = Norwegian; path = Resources/Norwegian.lproj/MainMenu.nib; sourceTree = "<group>"; };
		1AC3DCB312748722006832E4 /* Spanish */ = {isa = PBXFileReference; lastKnownFileType = text.plist.strings; name = Spanish; path = Resources/Spanish.lproj/Localizable.strings; sourceTree = "<group>"; };
		1AC3DCB412748722006832E4 /* Spanish */ = {isa = PBXFileReference; lastKnownFileType = wrapper.nib; name = Spanish; path = Resources/Spanish.lproj/MainMenu.nib; sourceTree = "<group>"; };
		1AC3DCB612748752006832E4 /* AccountDetailController.rb */ = {isa = PBXFileReference; fileEncoding = 4; lastKnownFileType = text.script.ruby; name = AccountDetailController.rb; path = Classes/AccountDetailController.rb; sourceTree = "<group>"; };
		1AC3DCB712748752006832E4 /* ApplicationController.rb */ = {isa = PBXFileReference; fileEncoding = 4; lastKnownFileType = text.script.ruby; name = ApplicationController.rb; path = Classes/ApplicationController.rb; sourceTree = "<group>"; };
		1AC3DCB812748752006832E4 /* PreferencesController.rb */ = {isa = PBXFileReference; fileEncoding = 4; lastKnownFileType = text.script.ruby; name = PreferencesController.rb; path = Classes/PreferencesController.rb; sourceTree = "<group>"; };
		1AC3DCB912748752006832E4 /* PrefsAccountsViewController.rb */ = {isa = PBXFileReference; fileEncoding = 4; lastKnownFileType = text.script.ruby; name = PrefsAccountsViewController.rb; path = Classes/PrefsAccountsViewController.rb; sourceTree = "<group>"; };
		1AC3DCBA12748752006832E4 /* PrefsSettingsViewController.rb */ = {isa = PBXFileReference; fileEncoding = 4; lastKnownFileType = text.script.ruby; name = PrefsSettingsViewController.rb; path = Classes/PrefsSettingsViewController.rb; sourceTree = "<group>"; };
		1AC3DCC112748771006832E4 /* Constants.rb */ = {isa = PBXFileReference; fileEncoding = 4; lastKnownFileType = text.script.ruby; name = Constants.rb; path = Classes/Constants.rb; sourceTree = "<group>"; };
		1AC3DCC312748771006832E4 /* GNAccount.rb */ = {isa = PBXFileReference; fileEncoding = 4; lastKnownFileType = text.script.ruby; name = GNAccount.rb; path = Classes/GNAccount.rb; sourceTree = "<group>"; };
		1AC3DCC412748771006832E4 /* GNChecker.rb */ = {isa = PBXFileReference; fileEncoding = 4; lastKnownFileType = text.script.ruby; name = GNChecker.rb; path = Classes/GNChecker.rb; sourceTree = "<group>"; };
		1AC3DCC612748771006832E4 /* GNPreferences.rb */ = {isa = PBXFileReference; fileEncoding = 4; lastKnownFileType = text.script.ruby; name = GNPreferences.rb; path = Classes/GNPreferences.rb; sourceTree = "<group>"; };
		1AC3DCC712748771006832E4 /* GNSound.rb */ = {isa = PBXFileReference; fileEncoding = 4; lastKnownFileType = text.script.ruby; name = GNSound.rb; path = Classes/GNSound.rb; sourceTree = "<group>"; };
		1AC3DCC812748771006832E4 /* GNStartItems.rb */ = {isa = PBXFileReference; fileEncoding = 4; lastKnownFileType = text.script.ruby; name = GNStartItems.rb; path = Classes/GNStartItems.rb; sourceTree = "<group>"; };
		1AC3DDDF1275CF44006832E4 /* Sparkle.framework */ = {isa = PBXFileReference; lastKnownFileType = wrapper.framework; name = Sparkle.framework; path = Libs/Sparkle.framework; sourceTree = "<group>"; };
		29B97316FDCFA39411CA2CEA /* main.m */ = {isa = PBXFileReference; fileEncoding = 4; lastKnownFileType = sourcecode.c.objc; path = main.m; sourceTree = "<group>"; };
		29B97324FDCFA39411CA2CEA /* AppKit.framework */ = {isa = PBXFileReference; lastKnownFileType = wrapper.framework; name = AppKit.framework; path = /System/Library/Frameworks/AppKit.framework; sourceTree = "<absolute>"; };
		29B97325FDCFA39411CA2CEA /* Foundation.framework */ = {isa = PBXFileReference; lastKnownFileType = wrapper.framework; name = Foundation.framework; path = /System/Library/Frameworks/Foundation.framework; sourceTree = "<absolute>"; };
		4DE339F60D74FCDD00ADB6EE /* rb_main.rb */ = {isa = PBXFileReference; fileEncoding = 4; lastKnownFileType = text.script.ruby; path = rb_main.rb; sourceTree = "<group>"; };
		4DE3BE130D8651D900ECA448 /* MacRuby.framework */ = {isa = PBXFileReference; lastKnownFileType = wrapper.framework; name = MacRuby.framework; path = /Library/Frameworks/MacRuby.framework; sourceTree = "<absolute>"; };
		8D1107310486CEB800E47090 /* Info.plist */ = {isa = PBXFileReference; fileEncoding = 4; lastKnownFileType = text.plist.xml; path = Info.plist; sourceTree = "<group>"; };
		8D1107320486CEB800E47090 /* Gmail Notifr.app */ = {isa = PBXFileReference; explicitFileType = wrapper.application; includeInIndex = 0; path = "Gmail Notifr.app"; sourceTree = BUILT_PRODUCTS_DIR; };
/* End PBXFileReference section */

/* Begin PBXFrameworksBuildPhase section */
		8D11072E0486CEB800E47090 /* Frameworks */ = {
			isa = PBXFrameworksBuildPhase;
			buildActionMask = 2147483647;
			files = (
				8D11072F0486CEB800E47090 /* Cocoa.framework in Frameworks */,
				4DE3BE140D8651D900ECA448 /* MacRuby.framework in Frameworks */,
				1AC3DDE01275CF44006832E4 /* Sparkle.framework in Frameworks */,
				1A0BBCED12EBFC2700D98CD8 /* Growl.framework in Frameworks */,
			);
			runOnlyForDeploymentPostprocessing = 0;
		};
/* End PBXFrameworksBuildPhase section */

/* Begin PBXGroup section */
		080E96DDFE201D6D7F000001 /* Classes */ = {
			isa = PBXGroup;
			children = (
				1AC3DCB512748735006832E4 /* Controllers */,
				1AC3DCC012748757006832E4 /* Models */,
			);
			name = Classes;
			sourceTree = "<group>";
		};
		1058C7A0FEA54F0111CA2CBB /* Linked Frameworks */ = {
			isa = PBXGroup;
			children = (
				4DE3BE130D8651D900ECA448 /* MacRuby.framework */,
				1058C7A1FEA54F0111CA2CBB /* Cocoa.framework */,
				1AC3DDDF1275CF44006832E4 /* Sparkle.framework */,
				1A0BBCEC12EBFC2700D98CD8 /* Growl.framework */,
			);
			name = "Linked Frameworks";
			sourceTree = "<group>";
		};
		1058C7A2FEA54F0111CA2CBB /* Other Frameworks */ = {
			isa = PBXGroup;
			children = (
				29B97324FDCFA39411CA2CEA /* AppKit.framework */,
				13E42FB307B3F0F600E4EEF1 /* CoreData.framework */,
				29B97325FDCFA39411CA2CEA /* Foundation.framework */,
			);
			name = "Other Frameworks";
			sourceTree = "<group>";
		};
		172754AE1075979200D0347B /* Tests */ = {
			isa = PBXGroup;
			children = (
				172754D5107598EA00D0347B /* stub_test.rb */,
				17D55CD81076A1A2008207BD /* run_suite.rb */,
			);
			path = Tests;
			sourceTree = "<group>";
		};
		19C28FACFE9D520D11CA2CBB /* Products */ = {
			isa = PBXGroup;
			children = (
				8D1107320486CEB800E47090 /* Gmail Notifr.app */,
			);
			name = Products;
			sourceTree = "<group>";
		};
		1A7A949712D2091200F4D5F3 /* lib */ = {
			isa = PBXGroup;
			children = (
				1A7A94F212D2097000F4D5F3 /* macruby-keychain-wrapper */,
			);
			name = lib;
			sourceTree = "<group>";
		};
		1A7A94F212D2097000F4D5F3 /* macruby-keychain-wrapper */ = {
			isa = PBXGroup;
			children = (
				1A7A952412D2097000F4D5F3 /* keychain.rb */,
				1A7A952512D2097000F4D5F3 /* lib */,
				1A7A952912D2097000F4D5F3 /* README.md */,
			);
			name = "macruby-keychain-wrapper";
			path = "Libs/macruby-keychain-wrapper";
			sourceTree = "<group>";
		};
		1A7A952512D2097000F4D5F3 /* lib */ = {
			isa = PBXGroup;
			children = (
				1A7A952612D2097000F4D5F3 /* exception.rb */,
				1A7A952712D2097000F4D5F3 /* generic_item.rb */,
				1A7A952812D2097000F4D5F3 /* internet_item.rb */,
			);
			path = lib;
			sourceTree = "<group>";
		};
		1AC3DCB512748735006832E4 /* Controllers */ = {
			isa = PBXGroup;
			children = (
				1AC3DCB612748752006832E4 /* AccountDetailController.rb */,
				1AC3DCB712748752006832E4 /* ApplicationController.rb */,
				1AC3DCB812748752006832E4 /* PreferencesController.rb */,
				1AC3DCB912748752006832E4 /* PrefsAccountsViewController.rb */,
				1AC3DCBA12748752006832E4 /* PrefsSettingsViewController.rb */,
			);
			name = Controllers;
			sourceTree = "<group>";
		};
		1AC3DCC012748757006832E4 /* Models */ = {
			isa = PBXGroup;
			children = (
				1AC3DCC112748771006832E4 /* Constants.rb */,
				1AC3DCC312748771006832E4 /* GNAccount.rb */,
				1AC3DCC412748771006832E4 /* GNChecker.rb */,
				1AC3DCC612748771006832E4 /* GNPreferences.rb */,
				1AC3DCC712748771006832E4 /* GNSound.rb */,
				1AC3DCC812748771006832E4 /* GNStartItems.rb */,
			);
			name = Models;
			sourceTree = "<group>";
		};
		29B97314FDCFA39411CA2CEA /* Gmail Notifr */ = {
			isa = PBXGroup;
			children = (
				1A7A949712D2091200F4D5F3 /* lib */,
				172754AE1075979200D0347B /* Tests */,
				080E96DDFE201D6D7F000001 /* Classes */,
				29B97315FDCFA39411CA2CEA /* Other Sources */,
				29B97317FDCFA39411CA2CEA /* Resources */,
				29B97323FDCFA39411CA2CEA /* Frameworks */,
				19C28FACFE9D520D11CA2CBB /* Products */,
			);
			name = "Gmail Notifr";
			sourceTree = "<group>";
		};
		29B97315FDCFA39411CA2CEA /* Other Sources */ = {
			isa = PBXGroup;
			children = (
				4DE339F60D74FCDD00ADB6EE /* rb_main.rb */,
				29B97316FDCFA39411CA2CEA /* main.m */,
			);
			name = "Other Sources";
			sourceTree = "<group>";
		};
		29B97317FDCFA39411CA2CEA /* Resources */ = {
			isa = PBXGroup;
			children = (
				1AC3DCA01274867D006832E4 /* InfoPlist.strings */,
				1AC3DC9A12748667006832E4 /* Localizable.strings */,
				1AC3DC9C12748667006832E4 /* MainMenu.nib */,
				1AC3DC8212748643006832E4 /* AccountDetail.xib */,
				1AC3DC8C12748643006832E4 /* PreferencesAccounts.xib */,
				1AC3DC8D12748643006832E4 /* PreferencesSettings.xib */,
				1AC3DC8312748643006832E4 /* app_a.tiff */,
				1AC3DC8412748643006832E4 /* app.icns */,
				1AC3DC8512748643006832E4 /* app.tiff */,
				1AC3DC8612748643006832E4 /* check_a.tiff */,
				1AC3DC8712748643006832E4 /* check.tiff */,
				1AC3DC8812748643006832E4 /* Credits.html */,
				1AC3DC8912748643006832E4 /* error.tiff */,
				1AC3DC8A12748643006832E4 /* mail_a.tiff */,
				1AC3DC8B12748643006832E4 /* mail.tiff */,
				8D1107310486CEB800E47090 /* Info.plist */,
				1A0BBD1712EC041F00D98CD8 /* Growl Registration Ticket.growlRegDict */,
			);
			name = Resources;
			sourceTree = "<group>";
		};
		29B97323FDCFA39411CA2CEA /* Frameworks */ = {
			isa = PBXGroup;
			children = (
				1058C7A0FEA54F0111CA2CBB /* Linked Frameworks */,
				1058C7A2FEA54F0111CA2CBB /* Other Frameworks */,
			);
			name = Frameworks;
			sourceTree = "<group>";
		};
/* End PBXGroup section */

/* Begin PBXNativeTarget section */
		8D1107260486CEB800E47090 /* Gmail Notifr */ = {
			isa = PBXNativeTarget;
			buildConfigurationList = C01FCF4A08A954540054247B /* Build configuration list for PBXNativeTarget "Gmail Notifr" */;
			buildPhases = (
				8D1107290486CEB800E47090 /* Resources */,
				8D11072C0486CEB800E47090 /* Sources */,
				8D11072E0486CEB800E47090 /* Frameworks */,
				172754B4107597CF00D0347B /* CopyFiles */,
			);
			buildRules = (
			);
			dependencies = (
			);
			name = "Gmail Notifr";
			productInstallPath = "$(HOME)/Applications";
			productName = "Gmail Notifr";
			productReference = 8D1107320486CEB800E47090 /* Gmail Notifr.app */;
			productType = "com.apple.product-type.application";
		};
/* End PBXNativeTarget section */

/* Begin PBXProject section */
		29B97313FDCFA39411CA2CEA /* Project object */ = {
			isa = PBXProject;
			attributes = {
				LastUpgradeCheck = 0420;
			};
			buildConfigurationList = C01FCF4E08A954540054247B /* Build configuration list for PBXProject "Gmail Notifr" */;
			compatibilityVersion = "Xcode 3.2";
			developmentRegion = English;
			hasScannedForEncodings = 1;
			knownRegions = (
				English,
				Japanese,
				French,
				German,
				zh_CN,
				fr_CA,
				Catalan,
				Italian,
				Norwegian,
				Spanish,
			);
			mainGroup = 29B97314FDCFA39411CA2CEA /* Gmail Notifr */;
			projectDirPath = "";
			projectRoot = "";
			targets = (
				8D1107260486CEB800E47090 /* Gmail Notifr */,
				172754BD107597F200D0347B /* Unit Tests */,
				4D1A51A110A4FF5D0046A98A /* Compile */,
				4D1A51A510A4FF640046A98A /* Embed */,
			);
		};
/* End PBXProject section */

/* Begin PBXResourcesBuildPhase section */
		8D1107290486CEB800E47090 /* Resources */ = {
			isa = PBXResourcesBuildPhase;
			buildActionMask = 2147483647;
			files = (
				4DE339F70D74FCDD00ADB6EE /* rb_main.rb in Resources */,
				1AC3DC8E12748643006832E4 /* AccountDetail.xib in Resources */,
				1AC3DC8F12748643006832E4 /* app_a.tiff in Resources */,
				1AC3DC9012748643006832E4 /* app.icns in Resources */,
				1AC3DC9112748643006832E4 /* app.tiff in Resources */,
				1AC3DC9212748643006832E4 /* check_a.tiff in Resources */,
				1AC3DC9312748643006832E4 /* check.tiff in Resources */,
				1AC3DC9412748643006832E4 /* Credits.html in Resources */,
				1AC3DC9512748643006832E4 /* error.tiff in Resources */,
				1AC3DC9612748643006832E4 /* mail_a.tiff in Resources */,
				1AC3DC9712748643006832E4 /* mail.tiff in Resources */,
				1AC3DC9812748643006832E4 /* PreferencesAccounts.xib in Resources */,
				1AC3DC9912748643006832E4 /* PreferencesSettings.xib in Resources */,
				1AC3DC9E12748667006832E4 /* Localizable.strings in Resources */,
				1AC3DC9F12748667006832E4 /* MainMenu.nib in Resources */,
				1AC3DCA41274867D006832E4 /* InfoPlist.strings in Resources */,
				1AC3DCBB12748752006832E4 /* AccountDetailController.rb in Resources */,
				1AC3DCBC12748752006832E4 /* ApplicationController.rb in Resources */,
				1AC3DCBD12748752006832E4 /* PreferencesController.rb in Resources */,
				1AC3DCBE12748752006832E4 /* PrefsAccountsViewController.rb in Resources */,
				1AC3DCBF12748752006832E4 /* PrefsSettingsViewController.rb in Resources */,
				1AC3DCCA12748771006832E4 /* Constants.rb in Resources */,
				1AC3DCCC12748771006832E4 /* GNAccount.rb in Resources */,
				1AC3DCCD12748771006832E4 /* GNChecker.rb in Resources */,
				1AC3DCCF12748771006832E4 /* GNPreferences.rb in Resources */,
				1AC3DCD012748771006832E4 /* GNSound.rb in Resources */,
				1AC3DCD112748771006832E4 /* GNStartItems.rb in Resources */,
				1A7A954712D2097000F4D5F3 /* keychain.rb in Resources */,
				1A7A954812D2097000F4D5F3 /* exception.rb in Resources */,
				1A7A954912D2097000F4D5F3 /* generic_item.rb in Resources */,
				1A7A954A12D2097000F4D5F3 /* internet_item.rb in Resources */,
				1A7A954B12D2097000F4D5F3 /* README.md in Resources */,
				1A0BBD1812EC041F00D98CD8 /* Growl Registration Ticket.growlRegDict in Resources */,
			);
			runOnlyForDeploymentPostprocessing = 0;
		};
/* End PBXResourcesBuildPhase section */

/* Begin PBXShellScriptBuildPhase section */
		172754BC107597F200D0347B /* ShellScript */ = {
			isa = PBXShellScriptBuildPhase;
			buildActionMask = 2147483647;
			files = (
			);
			inputPaths = (
			);
			outputPaths = (
			);
			runOnlyForDeploymentPostprocessing = 0;
			shellPath = /bin/sh;
			shellScript = "/usr/local/bin/macruby Tests/run_suite.rb";
		};
		4D1A51A010A4FF5D0046A98A /* ShellScript */ = {
			isa = PBXShellScriptBuildPhase;
			buildActionMask = 2147483647;
			files = (
			);
			inputPaths = (
			);
			outputPaths = (
			);
			runOnlyForDeploymentPostprocessing = 0;
			shellPath = /bin/sh;
			shellScript = "# The macruby_deploy command-line tool with the --compile argument will compile every Ruby source file of your .app into machine code. Default options will be used. Pass the -h option to get more information.\nPATH=\"$PATH:/usr/local/bin\" macruby_deploy --compile \"$TARGET_BUILD_DIR/$PROJECT_NAME.app\"";
		};
		4D1A51A410A4FF640046A98A /* ShellScript */ = {
			isa = PBXShellScriptBuildPhase;
			buildActionMask = 2147483647;
			files = (
			);
			inputPaths = (
			);
			outputPaths = (
			);
			runOnlyForDeploymentPostprocessing = 0;
			shellPath = /bin/sh;
			shellScript = "# The macruby_deploy command-line tool with the --embed argument will make sure the MacRuby framework will be embedded in your .app. Default options will be used. Pass the -h option to get more information.\nPATH=\"$PATH:/usr/local/bin\" macruby_deploy --embed \"$TARGET_BUILD_DIR/$PROJECT_NAME.app\"";
		};
/* End PBXShellScriptBuildPhase section */

/* Begin PBXSourcesBuildPhase section */
		8D11072C0486CEB800E47090 /* Sources */ = {
			isa = PBXSourcesBuildPhase;
			buildActionMask = 2147483647;
			files = (
				8D11072D0486CEB800E47090 /* main.m in Sources */,
			);
			runOnlyForDeploymentPostprocessing = 0;
		};
/* End PBXSourcesBuildPhase section */

/* Begin PBXVariantGroup section */
		1AC3DC9A12748667006832E4 /* Localizable.strings */ = {
			isa = PBXVariantGroup;
			children = (
				1AC3DC9B12748667006832E4 /* zh_CN */,
				1AC3DCA21274867D006832E4 /* English */,
				1AC3DCA512748698006832E4 /* fr_CA */,
				1AC3DCA7127486A8006832E4 /* French */,
				1AC3DCA9127486B8006832E4 /* German */,
				1AC3DCAB127486DE006832E4 /* Catalan */,
				1AC3DCAD127486F0006832E4 /* Italian */,
				1AC3DCAF12748702006832E4 /* Japanese */,
				1AC3DCB112748711006832E4 /* Norwegian */,
				1AC3DCB312748722006832E4 /* Spanish */,
			);
			name = Localizable.strings;
			sourceTree = "<group>";
		};
		1AC3DC9C12748667006832E4 /* MainMenu.nib */ = {
			isa = PBXVariantGroup;
			children = (
				1AC3DC9D12748667006832E4 /* zh_CN */,
				1AC3DCA31274867D006832E4 /* English */,
				1AC3DCA612748698006832E4 /* fr_CA */,
				1AC3DCA8127486A8006832E4 /* French */,
				1AC3DCAA127486B8006832E4 /* German */,
				1AC3DCAC127486DE006832E4 /* Catalan */,
				1AC3DCAE127486F0006832E4 /* Italian */,
				1AC3DCB012748702006832E4 /* Japanese */,
				1AC3DCB212748711006832E4 /* Norwegian */,
				1AC3DCB412748722006832E4 /* Spanish */,
			);
			name = MainMenu.nib;
			sourceTree = "<group>";
		};
		1AC3DCA01274867D006832E4 /* InfoPlist.strings */ = {
			isa = PBXVariantGroup;
			children = (
				1AC3DCA11274867D006832E4 /* English */,
			);
			name = InfoPlist.strings;
			sourceTree = "<group>";
		};
/* End PBXVariantGroup section */

/* Begin XCBuildConfiguration section */
		172754BE107597F200D0347B /* Debug */ = {
			isa = XCBuildConfiguration;
			buildSettings = {
				COPY_PHASE_STRIP = NO;
				GCC_DYNAMIC_NO_PIC = NO;
				GCC_OPTIMIZATION_LEVEL = 0;
				PRODUCT_NAME = "Unit Tests";
			};
			name = Debug;
		};
		172754BF107597F200D0347B /* Release */ = {
			isa = XCBuildConfiguration;
			buildSettings = {
				COPY_PHASE_STRIP = YES;
				DEBUG_INFORMATION_FORMAT = "dwarf-with-dsym";
				PRODUCT_NAME = "Unit Tests";
				ZERO_LINK = NO;
			};
			name = Release;
		};
		4D1A51A210A4FF5D0046A98A /* Debug */ = {
			isa = XCBuildConfiguration;
			buildSettings = {
				COPY_PHASE_STRIP = NO;
				GCC_DYNAMIC_NO_PIC = NO;
				GCC_OPTIMIZATION_LEVEL = 0;
				PRODUCT_NAME = Compile;
			};
			name = Debug;
		};
		4D1A51A310A4FF5D0046A98A /* Release */ = {
			isa = XCBuildConfiguration;
			buildSettings = {
				COPY_PHASE_STRIP = YES;
				DEBUG_INFORMATION_FORMAT = "dwarf-with-dsym";
				PRODUCT_NAME = Compile;
				ZERO_LINK = NO;
			};
			name = Release;
		};
		4D1A51A610A4FF640046A98A /* Debug */ = {
			isa = XCBuildConfiguration;
			buildSettings = {
				COPY_PHASE_STRIP = NO;
				GCC_DYNAMIC_NO_PIC = NO;
				GCC_OPTIMIZATION_LEVEL = 0;
				PRODUCT_NAME = Embed;
			};
			name = Debug;
		};
		4D1A51A710A4FF640046A98A /* Release */ = {
			isa = XCBuildConfiguration;
			buildSettings = {
				COPY_PHASE_STRIP = YES;
				DEBUG_INFORMATION_FORMAT = "dwarf-with-dsym";
				PRODUCT_NAME = Embed;
				ZERO_LINK = NO;
			};
			name = Release;
		};
		C01FCF4B08A954540054247B /* Debug */ = {
			isa = XCBuildConfiguration;
			buildSettings = {
				COPY_PHASE_STRIP = NO;
				FRAMEWORK_SEARCH_PATHS = (
					"$(inherited)",
					"\"$(SRCROOT)/build/Debug\"",
					"\"$(SRCROOT)/Libs\"",
				);
				GCC_DYNAMIC_NO_PIC = NO;
				GCC_MODEL_TUNING = G5;
				GCC_OPTIMIZATION_LEVEL = 0;
				GCC_PRECOMPILE_PREFIX_HEADER = YES;
				INFOPLIST_FILE = Info.plist;
				INSTALL_PATH = "$(HOME)/Applications";
				PRODUCT_NAME = "Gmail Notifr";
				SDKROOT = macosx;
				WRAPPER_EXTENSION = app;
				ZERO_LINK = YES;
			};
			name = Debug;
		};
		C01FCF4C08A954540054247B /* Release */ = {
			isa = XCBuildConfiguration;
			buildSettings = {
				DEBUG_INFORMATION_FORMAT = "dwarf-with-dsym";
				FRAMEWORK_SEARCH_PATHS = (
					"$(inherited)",
					"\"$(SRCROOT)/build/Debug\"",
					"\"$(SRCROOT)/Libs\"",
				);
				GCC_MODEL_TUNING = G5;
				GCC_PRECOMPILE_PREFIX_HEADER = YES;
				GCC_VERSION = com.apple.compilers.llvm.clang.1_0;
				INFOPLIST_FILE = Info.plist;
				INSTALL_PATH = "$(HOME)/Applications";
				PRODUCT_NAME = "Gmail Notifr";
				SDKROOT = macosx;
				WRAPPER_EXTENSION = app;
			};
			name = Release;
		};
		C01FCF4F08A954540054247B /* Debug */ = {
			isa = XCBuildConfiguration;
			buildSettings = {
				ARCHS = "$(NATIVE_ARCH_ACTUAL)";
				GCC_ENABLE_OBJC_GC = required;
				GCC_WARN_ABOUT_RETURN_TYPE = YES;
				GCC_WARN_UNUSED_VARIABLE = YES;
				SDKROOT = "$(DEVELOPER_SDK_DIR)/MacOSX10.5.sdk";
			};
			name = Debug;
		};
		C01FCF5008A954540054247B /* Release */ = {
			isa = XCBuildConfiguration;
			buildSettings = {
				ARCHS = "$(NATIVE_ARCH_ACTUAL)";
				GCC_ENABLE_OBJC_GC = required;
				GCC_WARN_ABOUT_RETURN_TYPE = YES;
				GCC_WARN_UNUSED_VARIABLE = YES;
				SDKROOT = "$(DEVELOPER_SDK_DIR)/MacOSX10.5.sdk";
			};
			name = Release;
		};
/* End XCBuildConfiguration section */

/* Begin XCConfigurationList section */
		172754C7107597F400D0347B /* Build configuration list for PBXAggregateTarget "Unit Tests" */ = {
			isa = XCConfigurationList;
			buildConfigurations = (
				172754BE107597F200D0347B /* Debug */,
				172754BF107597F200D0347B /* Release */,
			);
			defaultConfigurationIsVisible = 0;
			defaultConfigurationName = Release;
		};
		4D1A51AB10A4FF6A0046A98A /* Build configuration list for PBXAggregateTarget "Compile" */ = {
			isa = XCConfigurationList;
			buildConfigurations = (
				4D1A51A210A4FF5D0046A98A /* Debug */,
				4D1A51A310A4FF5D0046A98A /* Release */,
			);
			defaultConfigurationIsVisible = 0;
			defaultConfigurationName = Release;
		};
		4D1A51AC10A4FF6A0046A98A /* Build configuration list for PBXAggregateTarget "Embed" */ = {
			isa = XCConfigurationList;
			buildConfigurations = (
				4D1A51A610A4FF640046A98A /* Debug */,
				4D1A51A710A4FF640046A98A /* Release */,
			);
			defaultConfigurationIsVisible = 0;
			defaultConfigurationName = Release;
		};
		C01FCF4A08A954540054247B /* Build configuration list for PBXNativeTarget "Gmail Notifr" */ = {
			isa = XCConfigurationList;
			buildConfigurations = (
				C01FCF4B08A954540054247B /* Debug */,
				C01FCF4C08A954540054247B /* Release */,
			);
			defaultConfigurationIsVisible = 0;
			defaultConfigurationName = Release;
		};
		C01FCF4E08A954540054247B /* Build configuration list for PBXProject "Gmail Notifr" */ = {
			isa = XCConfigurationList;
			buildConfigurations = (
				C01FCF4F08A954540054247B /* Debug */,
				C01FCF5008A954540054247B /* Release */,
			);
			defaultConfigurationIsVisible = 0;
			defaultConfigurationName = Release;
		};
/* End XCConfigurationList section */
	};
	rootObject = 29B97313FDCFA39411CA2CEA /* Project object */;
}
